<?xml version="1.0" encoding="utf-8"?>
<Project ToolsVersion="4.0" xmlns="http://schemas.microsoft.com/developer/msbuild/2003">
  <ItemGroup>
    <Filter Include="Library">
      <UniqueIdentifier>{d5173dcf-2786-4f98-bd55-d03549637dfe}</UniqueIdentifier>
    </Filter>
    <Filter Include="Src">
      <UniqueIdentifier>{80d0a5a9-6779-4863-bede-cc22a4986dc5}</UniqueIdentifier>
    </Filter>
    <Filter Include="Src\Framework">
      <UniqueIdentifier>{f5928314-3ee2-4e39-abfa-d93aa9ee5891}</UniqueIdentifier>
    </Filter>
    <Filter Include="Src\Framework\Direct3D">
      <UniqueIdentifier>{f193abd5-e51c-466e-a937-722bc9175e9a}</UniqueIdentifier>
    </Filter>
    <Filter Include="Src\Framework\Utility">
      <UniqueIdentifier>{f5d733b1-5031-4659-a9d4-0dd3add1e5fb}</UniqueIdentifier>
    </Filter>
    <Filter Include="Src\Framework\Window">
      <UniqueIdentifier>{cb022f2a-c5a2-449b-9b70-5110aff8550f}</UniqueIdentifier>
    </Filter>
    <Filter Include="Library\tinygltf">
      <UniqueIdentifier>{307bfbcd-124f-4ad7-85f5-3fd94f814b1f}</UniqueIdentifier>
    </Filter>
    <Filter Include="Src\Framework\Shader">
      <UniqueIdentifier>{93543c0c-58fe-4a94-8279-7be3021b65b1}</UniqueIdentifier>
    </Filter>
    <Filter Include="Src\Framework\Shader\SpriteShader">
      <UniqueIdentifier>{2da4d471-f4e8-4b2d-bdef-b93f91523b8b}</UniqueIdentifier>
    </Filter>
    <Filter Include="Src\Application">
      <UniqueIdentifier>{d0d0f9cf-dabd-4346-bc9a-d9c04cf42372}</UniqueIdentifier>
    </Filter>
    <Filter Include="Src\Framework\Math">
      <UniqueIdentifier>{04f33e76-24f0-4a58-9355-5770b3f6f9c6}</UniqueIdentifier>
    </Filter>
    <Filter Include="Src\Framework\Audio">
      <UniqueIdentifier>{2a0de30f-d7e8-4517-a9a1-20de6e434592}</UniqueIdentifier>
    </Filter>
    <Filter Include="Src\Framework\Shader\PostProcessShader">
      <UniqueIdentifier>{bfef98c3-f0b2-41b1-b813-6f298072287b}</UniqueIdentifier>
    </Filter>
    <Filter Include="Src\Framework\GameObject">
      <UniqueIdentifier>{d45ba257-913b-44e3-a012-888d7b6f2b68}</UniqueIdentifier>
    </Filter>
    <Filter Include="Src\Framework\Input">
      <UniqueIdentifier>{9bd33b87-53db-4bc0-b98d-80db98f4ba9b}</UniqueIdentifier>
    </Filter>
    <Filter Include="Src\Framework\Direct3D\Polygon">
      <UniqueIdentifier>{b91bce2d-4487-485a-a855-b2bb6ce0d30b}</UniqueIdentifier>
    </Filter>
    <Filter Include="Src\Framework\Shader\StandardShader">
      <UniqueIdentifier>{857913be-4481-4606-9719-87518d4a6aeb}</UniqueIdentifier>
    </Filter>
    <Filter Include="Src\Framework\Effekseer">
      <UniqueIdentifier>{c81b93e4-2f33-496a-985e-98658f1cec51}</UniqueIdentifier>
    </Filter>
    <Filter Include="Src\Application\Scene">
      <UniqueIdentifier>{da9235ec-08f1-4792-b71d-c58634fffb0f}</UniqueIdentifier>
    </Filter>
    <Filter Include="Src\Application\Scene\BaseScene">
      <UniqueIdentifier>{4a92479c-59c1-425c-bddf-335a143a7dd6}</UniqueIdentifier>
    </Filter>
    <Filter Include="Src\Application\Scene\TitleScene">
      <UniqueIdentifier>{d7ac0f8a-d355-4bcf-8801-9f5c06ab1e33}</UniqueIdentifier>
    </Filter>
    <Filter Include="Src\Application\Scene\GameScene">
      <UniqueIdentifier>{15b4a73e-7369-4959-bb49-4b163a24b7b5}</UniqueIdentifier>
    </Filter>
    <Filter Include="Library\imgui">
      <UniqueIdentifier>{4a041644-8c5d-42b5-9683-f28b8c790f4f}</UniqueIdentifier>
    </Filter>
    <Filter Include="Src\Application\GameObject">
      <UniqueIdentifier>{c8eeed44-235a-4eda-9689-532350b60789}</UniqueIdentifier>
    </Filter>
    <Filter Include="Src\Application\GameObject\Camera">
      <UniqueIdentifier>{781882e7-a4ba-44ae-b14e-75844a3802df}</UniqueIdentifier>
    </Filter>
    <Filter Include="Src\Application\GameObject\Camera\TPSCamera">
      <UniqueIdentifier>{c8cf7720-4d00-4c0b-a1cf-bc64280b295f}</UniqueIdentifier>
    </Filter>
    <Filter Include="Src\Application\GameObject\Terrains">
      <UniqueIdentifier>{233e043b-10da-43e5-8875-4663a3698447}</UniqueIdentifier>
    </Filter>
    <Filter Include="Src\Application\GameObject\Terrains\Ground">
      <UniqueIdentifier>{08ba074e-2347-4e86-9a72-6df36349082f}</UniqueIdentifier>
    </Filter>
    <Filter Include="Src\Application\GameObject\Characters">
      <UniqueIdentifier>{fd231edd-a7a6-4886-a9ee-00972e45e575}</UniqueIdentifier>
    </Filter>
    <Filter Include="Src\Application\GameObject\Characters\Player">
      <UniqueIdentifier>{c9f2517f-0e03-43b1-9d11-9b04c4bd9483}</UniqueIdentifier>
    </Filter>
    <Filter Include="Src\Application\GameObject\UI">
      <UniqueIdentifier>{b1a0e723-6bca-41d6-b04b-6fc3a14ebb20}</UniqueIdentifier>
    </Filter>
    <Filter Include="Src\Application\GameObject\Characters\Enemy">
      <UniqueIdentifier>{52008709-6ced-4e4e-a76c-1e772e6b5e82}</UniqueIdentifier>
    </Filter>
    <Filter Include="Src\Application\GameObject\UI\Reticle">
      <UniqueIdentifier>{998b635e-3d42-40be-b323-faba2452b08a}</UniqueIdentifier>
    </Filter>
    <Filter Include="Src\Application\GameObject\Terrains\Building">
      <UniqueIdentifier>{dac35c0d-0c59-4d2e-9d23-fe03eae1cb71}</UniqueIdentifier>
    </Filter>
    <Filter Include="Src\Application\GameObject\Sky">
      <UniqueIdentifier>{b3918912-3a2c-4733-874f-c2ab7e49fb93}</UniqueIdentifier>
    </Filter>
    <Filter Include="Src\Application\GameObject\Terrains\Building\Building_Main">
      <UniqueIdentifier>{77b4a881-0325-48c9-a6f0-7fac7d1074be}</UniqueIdentifier>
    </Filter>
    <Filter Include="Src\Application\GameObject\Terrains\Building\Building_Roof">
      <UniqueIdentifier>{5c2cb618-4ff1-4614-b3ef-5ed414bae855}</UniqueIdentifier>
    </Filter>
    <Filter Include="Src\Application\GameObject\UI\CardKeyUI">
      <UniqueIdentifier>{9b99203c-6151-4bbf-b709-7137ad67cf59}</UniqueIdentifier>
    </Filter>
    <Filter Include="Src\Application\GameObject\UI\CollectCardKeyUI">
      <UniqueIdentifier>{227538d1-6a73-409a-bea3-8abca7f87e4f}</UniqueIdentifier>
    </Filter>
    <Filter Include="Src\Application\GameObject\Goal">
      <UniqueIdentifier>{b3995903-5f08-4d66-aff7-45da907c29d5}</UniqueIdentifier>
    </Filter>
    <Filter Include="Src\Application\Scene\ResultScene">
      <UniqueIdentifier>{1f1d78ab-3148-4d59-aca2-68b8c554bcaf}</UniqueIdentifier>
    </Filter>
    <Filter Include="Src\Application\GameObject\Gimmicks">
      <UniqueIdentifier>{7bb74442-d81a-4052-93c8-f39a01e06414}</UniqueIdentifier>
    </Filter>
    <Filter Include="Src\Application\GameObject\Gimmicks\Door">
      <UniqueIdentifier>{e236e1b8-cdcd-4b2d-81a4-32701800159a}</UniqueIdentifier>
    </Filter>
    <Filter Include="Src\Application\GameObject\Item">
      <UniqueIdentifier>{698bf66c-e71b-452e-b8ad-934dc5ad1f7e}</UniqueIdentifier>
    </Filter>
    <Filter Include="Src\Application\GameObject\Item\SecretFile">
      <UniqueIdentifier>{5e9e1dd4-c080-49d4-8194-e51776f71850}</UniqueIdentifier>
    </Filter>
    <Filter Include="Src\Application\GameObject\Item\CardKey">
      <UniqueIdentifier>{77bc27f1-9949-4141-abd0-09bba54665e1}</UniqueIdentifier>
    </Filter>
    <Filter Include="Src\Application\GameObject\Gimmicks\LockedDoor">
      <UniqueIdentifier>{7fd7f023-6a96-4481-bc9c-bd3a0a8d4d2e}</UniqueIdentifier>
    </Filter>
    <Filter Include="Src\Application\GameObject\UI\SecretFileUI">
      <UniqueIdentifier>{9438c10f-89df-4bd9-96c6-072faaaeae79}</UniqueIdentifier>
    </Filter>
    <Filter Include="Src\Application\GameObject\UI\PadKeyUI">
      <UniqueIdentifier>{a6456d56-137f-428c-8eb9-480b8fd58552}</UniqueIdentifier>
    </Filter>
    <Filter Include="Src\Application\GameObject\Characters\Player\Player_Disarm">
      <UniqueIdentifier>{159d0ad7-f6ea-44cc-910e-af5590db5771}</UniqueIdentifier>
    </Filter>
    <Filter Include="Src\Application\GameObject\Characters\Player\Player_Disarm_Pistol">
      <UniqueIdentifier>{6e8e69a3-38f3-46f8-b07d-3b31998c1211}</UniqueIdentifier>
    </Filter>
    <Filter Include="Src\Application\GameObject\Characters\Player\Player_Ready_Pistol">
      <UniqueIdentifier>{5f55ec43-df29-42af-a446-09a3e657193a}</UniqueIdentifier>
    </Filter>
    <Filter Include="Src\Application\GameObject\Terrains\ArmoredCar">
      <UniqueIdentifier>{4949158f-4bb4-4588-9f2a-07714bf6def0}</UniqueIdentifier>
    </Filter>
    <Filter Include="Src\Application\GameObject\Terrains\Ground\Ground_UP">
      <UniqueIdentifier>{fbc4b43e-491a-4e85-a971-22160c419f28}</UniqueIdentifier>
    </Filter>
    <Filter Include="Src\Application\GameObject\Terrains\Ground\Ground_Bottom">
      <UniqueIdentifier>{0f42faf6-74ef-4a3a-ac49-9e0bfabde2ef}</UniqueIdentifier>
    </Filter>
    <Filter Include="Src\Application\GameObject\Terrains\Grass">
      <UniqueIdentifier>{fbb6c0a2-733a-4ec6-a417-481fc20d2720}</UniqueIdentifier>
    </Filter>
    <Filter Include="Src\Application\GameObject\Terrains\RockWall">
      <UniqueIdentifier>{278b7bdc-1cb2-47bc-8909-42589e47d3ca}</UniqueIdentifier>
    </Filter>
    <Filter Include="Src\Application\GameObject\EnemyBullet">
      <UniqueIdentifier>{16e05c07-3436-47eb-a609-ea5670a5d280}</UniqueIdentifier>
    </Filter>
    <Filter Include="Src\Application\GameObject\UI\CollectSecretFileUI">
      <UniqueIdentifier>{012c1160-b0a9-48df-a74a-a5736e7c9abf}</UniqueIdentifier>
    </Filter>
    <Filter Include="Src\Application\GameObject\UI\CollectUIBack">
      <UniqueIdentifier>{7f74d58d-da02-45f4-9fda-738c19bacbf0}</UniqueIdentifier>
    </Filter>
    <Filter Include="Src\Application\GameObject\UI\GunInfoUI">
      <UniqueIdentifier>{5f934709-a0cf-4e95-ac87-b98660b861e1}</UniqueIdentifier>
    </Filter>
    <Filter Include="Src\Application\GameObject\UI\GunInfoUIBack">
      <UniqueIdentifier>{0f6283c0-37f7-468d-be7a-ee5c7db2df86}</UniqueIdentifier>
    </Filter>
    <Filter Include="Src\Application\GameObject\UI\BulletNumUI">
      <UniqueIdentifier>{c9297e9a-37f8-4ff7-b705-3568b161f362}</UniqueIdentifier>
    </Filter>
    <Filter Include="Src\Application\GameObject\Bullet">
      <UniqueIdentifier>{f47fced1-e4fc-44a5-beca-f7e3e440a294}</UniqueIdentifier>
    </Filter>
    <Filter Include="Src\Application\GameObject\UI\HPBarUI">
      <UniqueIdentifier>{97a5721e-bad7-4edd-8114-bcb5e0839a0c}</UniqueIdentifier>
    </Filter>
    <Filter Include="Src\Application\GameObject\UI\MiniMapUI">
      <UniqueIdentifier>{4eb6c251-d5e7-4779-b6f6-b6fa4e138c51}</UniqueIdentifier>
    </Filter>
    <Filter Include="Src\Application\GameObject\UI\MiniMapUIBack">
      <UniqueIdentifier>{c564eda5-d29e-4b7d-97e2-bfe69168221e}</UniqueIdentifier>
    </Filter>
    <Filter Include="Src\Application\GameObject\UI\CurrentLocation">
      <UniqueIdentifier>{ed283de3-5701-419c-aa80-70daa3c14df2}</UniqueIdentifier>
    </Filter>
    <Filter Include="Src\Application\GameObject\Characters\Player\Player_Main">
      <UniqueIdentifier>{38e0443d-6e27-4dfb-a8d1-a307ca75346d}</UniqueIdentifier>
    </Filter>
    <Filter Include="Src\Application\GameObject\UI\CardKeyLocationUI">
      <UniqueIdentifier>{66024e55-73f7-405c-8e5f-b2548d999111}</UniqueIdentifier>
    </Filter>
    <Filter Include="Src\Application\GameObject\UI\SecretFileLocation">
      <UniqueIdentifier>{94676e5c-c47c-4776-807d-b6f39d6a9a53}</UniqueIdentifier>
    </Filter>
    <Filter Include="Src\Application\GameObject\UI\HPBarUIBack">
      <UniqueIdentifier>{cbd9e0a9-8bc8-40ed-af89-7ee561bc1d25}</UniqueIdentifier>
    </Filter>
    <Filter Include="Src\Application\GameObject\UI\RestraintUI">
      <UniqueIdentifier>{0cd29db9-cd5b-43a4-943e-3a1c9c56e846}</UniqueIdentifier>
    </Filter>
    <Filter Include="Src\Application\GameObject\UI\KillUI">
      <UniqueIdentifier>{ed2f18b0-6ed3-41f7-a73f-8ee2cf21b421}</UniqueIdentifier>
    </Filter>
    <Filter Include="Src\Application\GameObject\UI\InterrogationUI">
      <UniqueIdentifier>{d286f08b-6531-4fe1-9c20-34962418f713}</UniqueIdentifier>
    </Filter>
    <Filter Include="Src\Application\GameObject\UI\AnswerUI">
      <UniqueIdentifier>{5ee4bf2f-2baa-4397-9bf5-429620bd4cc8}</UniqueIdentifier>
    </Filter>
    <Filter Include="Src\Application\GameObject\UI\AnswerUIBack">
      <UniqueIdentifier>{0cc47049-5d73-45f0-831a-88d63c518063}</UniqueIdentifier>
    </Filter>
    <Filter Include="Src\Application\GameObject\UI\NoAnswerUI">
      <UniqueIdentifier>{9655e8c7-7749-416d-bdcf-47e7c4b4acfe}</UniqueIdentifier>
    </Filter>
    <Filter Include="Src\Application\GameObject\UI\MapUpdateUI">
      <UniqueIdentifier>{0c4b89e8-1425-4450-b6c8-b469acf30722}</UniqueIdentifier>
    </Filter>
    <Filter Include="Src\Application\GameObject\UI\MapUpdateUIBack">
      <UniqueIdentifier>{a6eb5a4e-b16d-4885-b93d-6f8585ea1c79}</UniqueIdentifier>
    </Filter>
    <Filter Include="Src\Application\GameObject\UI\MainMissionUI">
      <UniqueIdentifier>{fbd917f3-ba4e-4d8b-b8ca-45af5f08666c}</UniqueIdentifier>
    </Filter>
    <Filter Include="Src\Application\GameObject\Characters\Enemy\Enemy_1">
      <UniqueIdentifier>{fb2d8a80-a8f5-4b78-8526-9c24525d347f}</UniqueIdentifier>
    </Filter>
    <Filter Include="Src\Application\GameObject\Characters\Enemy\Enemy_1\Enemy_Gun_1">
      <UniqueIdentifier>{91373d35-2680-4cd6-b22f-554bde5aebba}</UniqueIdentifier>
    </Filter>
    <Filter Include="Src\Application\GameObject\Characters\Enemy\Enemy_1\Enemy_Gun_NoMagazine_1">
      <UniqueIdentifier>{45517c89-668b-4a44-b810-56c3b01b6473}</UniqueIdentifier>
    </Filter>
    <Filter Include="Src\Application\GameObject\Characters\Enemy\Enemy_1\Enemy_Magazine_1">
      <UniqueIdentifier>{f6718afb-d665-42d8-a52a-fef152ec4dcb}</UniqueIdentifier>
    </Filter>
    <Filter Include="Src\Application\GameObject\Characters\Enemy\Enemy_1\Enemy_Main_1">
      <UniqueIdentifier>{216b20dd-c8f3-4be1-a692-ac665d51a360}</UniqueIdentifier>
    </Filter>
    <Filter Include="Src\Application\GameObject\Characters\Enemy\Enemy_2">
      <UniqueIdentifier>{2913822e-e53c-4480-9952-bd5777a595db}</UniqueIdentifier>
    </Filter>
    <Filter Include="Src\Application\GameObject\Characters\Enemy\Enemy_3">
      <UniqueIdentifier>{14dcc54e-2411-4065-8b27-e2b3a52f0db6}</UniqueIdentifier>
    </Filter>
    <Filter Include="Src\Application\GameObject\Characters\Enemy\Enemy_2\Enemy_Gun_2">
      <UniqueIdentifier>{2675ad36-bd15-4794-b3a0-597e12e098e5}</UniqueIdentifier>
    </Filter>
    <Filter Include="Src\Application\GameObject\Characters\Enemy\Enemy_2\Enemy_Gun_NoMagazine_2">
      <UniqueIdentifier>{01db9fd1-89f4-4b0a-8e5d-0d44e9ee74ae}</UniqueIdentifier>
    </Filter>
    <Filter Include="Src\Application\GameObject\Characters\Enemy\Enemy_2\Enemy_Magazine_2">
      <UniqueIdentifier>{237b1081-6e44-41c4-9274-a8fa19ccd186}</UniqueIdentifier>
    </Filter>
    <Filter Include="Src\Application\GameObject\Characters\Enemy\Enemy_2\Enemy_Main_2">
      <UniqueIdentifier>{f108fe12-cf16-47ed-a9bf-07bf2c97dee0}</UniqueIdentifier>
    </Filter>
    <Filter Include="Src\Application\GameObject\Characters\Enemy\Enemy_3\Enemy_Gun_3">
      <UniqueIdentifier>{4cef9acd-58d5-4be8-a6ce-ab7c1491a5e3}</UniqueIdentifier>
    </Filter>
    <Filter Include="Src\Application\GameObject\Characters\Enemy\Enemy_3\Enemy_Gun_NoMagazine_3">
      <UniqueIdentifier>{6e2b6e4b-5474-402e-bf72-2879e8825988}</UniqueIdentifier>
    </Filter>
    <Filter Include="Src\Application\GameObject\Characters\Enemy\Enemy_3\Enemy_Magazine_3">
      <UniqueIdentifier>{904c907b-b02e-4b00-b937-0503b5805941}</UniqueIdentifier>
    </Filter>
    <Filter Include="Src\Application\GameObject\Characters\Enemy\Enemy_3\Enemy_Main_3">
      <UniqueIdentifier>{1ad41c6c-2a63-4887-8f81-0b1b6e1987c6}</UniqueIdentifier>
    </Filter>
    <Filter Include="Src\Application\GameObject\UI\ExclamationMarkUI">
      <UniqueIdentifier>{04d23ea5-f5ad-4349-a213-3649a5f53a27}</UniqueIdentifier>
    </Filter>
    <Filter Include="Src\Application\GameObject\Effect">
      <UniqueIdentifier>{ad42c0e9-b019-4ac8-82f2-60fd069433b2}</UniqueIdentifier>
    </Filter>
    <Filter Include="Src\Application\GameObject\Effect\MuzzleFlash">
      <UniqueIdentifier>{74650cd5-46fd-442e-bef1-1cda54b6f81f}</UniqueIdentifier>
    </Filter>
    <Filter Include="Src\Application\GameObject\Terrains\Building\Light">
      <UniqueIdentifier>{f013a78b-2e15-4e4e-9889-d058baf2a768}</UniqueIdentifier>
    </Filter>
    <Filter Include="Src\Application\GameObject\Camera\TitleCamera">
      <UniqueIdentifier>{cab66d5f-b9d3-40bd-ae9d-57120eb6c79c}</UniqueIdentifier>
    </Filter>
    <Filter Include="Src\Application\GameObject\Title_Sky">
      <UniqueIdentifier>{abc32639-c6d3-4be0-8a60-c5e04a36cd39}</UniqueIdentifier>
    </Filter>
    <Filter Include="Src\Application\GameObject\Helicopter">
      <UniqueIdentifier>{6077e4eb-4595-427a-a3d2-fc462eb981d4}</UniqueIdentifier>
    </Filter>
    <Filter Include="Src\Application\GameObject\TitleLogo">
      <UniqueIdentifier>{29eb895a-fb24-4f0e-8387-290cd8432b6b}</UniqueIdentifier>
    </Filter>
    <Filter Include="Src\Application\GameObject\Title_Back">
      <UniqueIdentifier>{796845fd-edc0-4de2-a855-90827463dcc0}</UniqueIdentifier>
    </Filter>
    <Filter Include="Src\Application\GameObject\UI\PressEnterUI">
      <UniqueIdentifier>{702036ad-3fd9-45c0-95f5-a970480b8b53}</UniqueIdentifier>
    </Filter>
    <Filter Include="Src\Application\GameObject\Game_Back">
      <UniqueIdentifier>{43fff4b5-1582-4cf8-952d-e509277acf05}</UniqueIdentifier>
    </Filter>
    <Filter Include="Src\Application\GameObject\ResultBack">
      <UniqueIdentifier>{34ffe151-4d74-44f5-87b2-b08394e90da4}</UniqueIdentifier>
    </Filter>
    <Filter Include="Src\Application\GameObject\Result_Logo">
      <UniqueIdentifier>{f90d1301-dd65-434a-b831-7dd771c8ccb7}</UniqueIdentifier>
    </Filter>
    <Filter Include="Src\Application\GameObject\UI\GoalUI">
      <UniqueIdentifier>{998c877e-7526-491b-b4c5-d6ae5caa88b6}</UniqueIdentifier>
    </Filter>
    <Filter Include="Src\Application\GameObject\UI\NeedCardKeuUI">
      <UniqueIdentifier>{8a898c28-332f-46b6-b164-b4737d81b6f1}</UniqueIdentifier>
    </Filter>
    <Filter Include="Src\Application\GameObject\UI\SubMissionUI">
      <UniqueIdentifier>{1fb651ed-b875-4778-9732-171867cf36d9}</UniqueIdentifier>
    </Filter>
    <Filter Include="Src\Application\Scene\GameOverScene">
      <UniqueIdentifier>{96487421-87db-4652-9b0e-a469c26005b2}</UniqueIdentifier>
    </Filter>
    <Filter Include="Src\Application\GameObject\UI\GameOver">
      <UniqueIdentifier>{44501ac4-0d2d-4a37-ad89-b5a596ef2396}</UniqueIdentifier>
    </Filter>
    <Filter Include="Src\Application\GameObject\UI\GameOver\MissionFailedBack">
      <UniqueIdentifier>{ee72cdc1-bae2-4c45-90d6-3b57af0ec1d7}</UniqueIdentifier>
    </Filter>
    <Filter Include="Src\Application\GameObject\UI\GameOver\GameOver_Back">
      <UniqueIdentifier>{c8337afd-eab0-4d80-97ad-f1e2b83bb6a9}</UniqueIdentifier>
    </Filter>
    <Filter Include="Src\Application\GameObject\UI\GameOver\SelectTitle">
      <UniqueIdentifier>{86a23987-b517-487a-8fcd-8903ebba0207}</UniqueIdentifier>
    </Filter>
    <Filter Include="Src\Application\GameObject\UI\GameOver\SelectRetry">
      <UniqueIdentifier>{5f28efa5-c276-4691-86fe-781ab1436f51}</UniqueIdentifier>
    </Filter>
    <Filter Include="Src\Application\GameObject\UI\MissionDisplayUI">
      <UniqueIdentifier>{bd6c514c-f537-4f17-863e-aeee679f3ff4}</UniqueIdentifier>
    </Filter>
    <Filter Include="Src\Application\GameObject\Terrains\Building\Furniture">
      <UniqueIdentifier>{bda1c5f4-f8eb-4ac1-bf95-76857830c117}</UniqueIdentifier>
    </Filter>
    <Filter Include="Src\Application\GameObject\Terrains\Building\Furniture\Bed">
      <UniqueIdentifier>{1ca1e8ac-5a94-4f72-8630-99140b7cf7d0}</UniqueIdentifier>
    </Filter>
  </ItemGroup>
  <ItemGroup>
    <ClInclude Include="src\Pch.h">
      <Filter>Src</Filter>
    </ClInclude>
    <ClInclude Include="..\Library\tinygltf\json.hpp">
      <Filter>Library\tinygltf</Filter>
    </ClInclude>
    <ClInclude Include="..\Library\tinygltf\stb_image.h">
      <Filter>Library\tinygltf</Filter>
    </ClInclude>
    <ClInclude Include="..\Library\tinygltf\stb_image_write.h">
      <Filter>Library\tinygltf</Filter>
    </ClInclude>
    <ClInclude Include="..\Library\tinygltf\tiny_gltf.h">
      <Filter>Library\tinygltf</Filter>
    </ClInclude>
    <ClInclude Include="Src\Application\main.h">
      <Filter>Src\Application</Filter>
    </ClInclude>
    <ClInclude Include="src\Framework\Direct3D\KdDirect3D.h">
      <Filter>Src\Framework\Direct3D</Filter>
    </ClInclude>
    <ClInclude Include="src\Framework\Direct3D\KdTexture.h">
      <Filter>Src\Framework\Direct3D</Filter>
    </ClInclude>
    <ClInclude Include="src\Framework\Direct3D\KdBuffer.h">
      <Filter>Src\Framework\Direct3D</Filter>
    </ClInclude>
    <ClInclude Include="Src\Framework\Direct3D\KdGLTFLoader.h">
      <Filter>Src\Framework\Direct3D</Filter>
    </ClInclude>
    <ClInclude Include="Src\Framework\Shader\KdShaderManager.h">
      <Filter>Src\Framework\Shader</Filter>
    </ClInclude>
    <ClInclude Include="Src\Framework\Shader\SpriteShader\KdSpriteShader.h">
      <Filter>Src\Framework\Shader\SpriteShader</Filter>
    </ClInclude>
    <ClInclude Include="src\Framework\Utility\KdUtility.h">
      <Filter>Src\Framework\Utility</Filter>
    </ClInclude>
    <ClInclude Include="src\Framework\KdFramework.h">
      <Filter>Src\Framework</Filter>
    </ClInclude>
    <ClInclude Include="..\Library\strconv.h">
      <Filter>Library</Filter>
    </ClInclude>
    <ClInclude Include="src\Framework\Window\KdWindow.h">
      <Filter>Src\Framework\Window</Filter>
    </ClInclude>
    <ClInclude Include="src\Framework\Direct3D\KdMesh.h">
      <Filter>Src\Framework\Direct3D</Filter>
    </ClInclude>
    <ClInclude Include="Src\Framework\Direct3D\KdModel.h">
      <Filter>Src\Framework\Direct3D</Filter>
    </ClInclude>
    <ClInclude Include="Src\Framework\Math\KdCollision.h">
      <Filter>Src\Framework\Math</Filter>
    </ClInclude>
    <ClInclude Include="Src\Framework\Math\KdAnimation.h">
      <Filter>Src\Framework\Math</Filter>
    </ClInclude>
    <ClInclude Include="Src\Framework\Audio\KdAudio.h">
      <Filter>Src\Framework\Audio</Filter>
    </ClInclude>
    <ClInclude Include="Src\Framework\Direct3D\KdCamera.h">
      <Filter>Src\Framework\Direct3D</Filter>
    </ClInclude>
    <ClInclude Include="Src\Framework\Shader\PostProcessShader\KdPostProcessShader.h">
      <Filter>Src\Framework\Shader\PostProcessShader</Filter>
    </ClInclude>
    <ClInclude Include="Src\Framework\Math\KdCollider.h">
      <Filter>Src\Framework\Math</Filter>
    </ClInclude>
    <ClInclude Include="Src\Framework\Math\KdEasing.h">
      <Filter>Src\Framework\Math</Filter>
    </ClInclude>
    <ClInclude Include="Src\Framework\GameObject\KdGameObject.h">
      <Filter>Src\Framework\GameObject</Filter>
    </ClInclude>
    <ClInclude Include="Src\Framework\GameObject\KdGameObjectFactory.h">
      <Filter>Src\Framework\GameObject</Filter>
    </ClInclude>
    <ClInclude Include="Src\Framework\Input\KdInput.h">
      <Filter>Src\Framework\Input</Filter>
    </ClInclude>
    <ClInclude Include="Src\Framework\Utility\KdCSVData.h">
      <Filter>Src\Framework\Utility</Filter>
    </ClInclude>
    <ClInclude Include="Src\Framework\Direct3D\Polygon\KdPolygon.h">
      <Filter>Src\Framework\Direct3D\Polygon</Filter>
    </ClInclude>
    <ClInclude Include="Src\Framework\Direct3D\Polygon\KdSquarePolygon.h">
      <Filter>Src\Framework\Direct3D\Polygon</Filter>
    </ClInclude>
    <ClInclude Include="Src\Framework\Direct3D\Polygon\KdTrailPolygon.h">
      <Filter>Src\Framework\Direct3D\Polygon</Filter>
    </ClInclude>
    <ClInclude Include="Src\Framework\Direct3D\KdMaterial.h">
      <Filter>Src\Framework\Direct3D</Filter>
    </ClInclude>
    <ClInclude Include="Src\Framework\Utility\KdDataStorage.h">
      <Filter>Src\Framework\Utility</Filter>
    </ClInclude>
    <ClInclude Include="Src\Framework\Shader\KdAmbientController.h">
      <Filter>Src\Framework\Shader</Filter>
    </ClInclude>
    <ClInclude Include="Src\Framework\Math\KdUVAnimation.h">
      <Filter>Src\Framework\Math</Filter>
    </ClInclude>
    <ClInclude Include="Src\Framework\Shader\KdRenderTargetChange.h">
      <Filter>Src\Framework\Shader</Filter>
    </ClInclude>
    <ClInclude Include="Src\Framework\Utility\KdFPSController.h">
      <Filter>Src\Framework\Utility</Filter>
    </ClInclude>
    <ClInclude Include="Src\Framework\Utility\KdDebugWireFrame.h">
      <Filter>Src\Framework\Utility</Filter>
    </ClInclude>
    <ClInclude Include="Src\Framework\Shader\StandardShader\KdStandardShader.h">
      <Filter>Src\Framework\Shader\StandardShader</Filter>
    </ClInclude>
    <ClInclude Include="Src\Framework\Effekseer\KdEffekseerManager.h">
      <Filter>Src\Framework\Effekseer</Filter>
    </ClInclude>
    <ClInclude Include="Src\Application\Scene\SceneManager.h">
      <Filter>Src\Application\Scene</Filter>
    </ClInclude>
    <ClInclude Include="Src\Application\Scene\BaseScene\BaseScene.h">
      <Filter>Src\Application\Scene\BaseScene</Filter>
    </ClInclude>
    <ClInclude Include="Src\Application\Scene\GameScene\GameScene.h">
      <Filter>Src\Application\Scene\GameScene</Filter>
    </ClInclude>
    <ClInclude Include="Src\Application\Scene\TitleScene\TitleScene.h">
      <Filter>Src\Application\Scene\TitleScene</Filter>
    </ClInclude>
    <ClInclude Include="..\Library\imgui\imconfig.h">
      <Filter>Library\imgui</Filter>
    </ClInclude>
    <ClInclude Include="..\Library\imgui\imgui.h">
      <Filter>Library\imgui</Filter>
    </ClInclude>
    <ClInclude Include="..\Library\imgui\imgui_impl_dx11.h">
      <Filter>Library\imgui</Filter>
    </ClInclude>
    <ClInclude Include="..\Library\imgui\imgui_impl_win32.h">
      <Filter>Library\imgui</Filter>
    </ClInclude>
    <ClInclude Include="..\Library\imgui\imgui_internal.h">
      <Filter>Library\imgui</Filter>
    </ClInclude>
    <ClInclude Include="..\Library\imgui\imstb_rectpack.h">
      <Filter>Library\imgui</Filter>
    </ClInclude>
    <ClInclude Include="..\Library\imgui\imstb_textedit.h">
      <Filter>Library\imgui</Filter>
    </ClInclude>
    <ClInclude Include="..\Library\imgui\imstb_truetype.h">
      <Filter>Library\imgui</Filter>
    </ClInclude>
    <ClInclude Include="..\Library\imgui\imgui_stdlib.h">
      <Filter>Library\imgui</Filter>
    </ClInclude>
    <ClInclude Include="..\Library\imgui\ja_glyph_ranges.h">
      <Filter>Library\imgui</Filter>
    </ClInclude>
    <ClInclude Include="Src\Application\GameObject\Camera\CameraBase.h">
      <Filter>Src\Application\GameObject\Camera</Filter>
    </ClInclude>
    <ClInclude Include="Src\Application\GameObject\Camera\TPSCamera\TPSCamera.h">
      <Filter>Src\Application\GameObject\Camera\TPSCamera</Filter>
    </ClInclude>
    <ClInclude Include="Src\Application\GameObject\Characters\CharaBase.h">
      <Filter>Src\Application\GameObject\Characters</Filter>
    </ClInclude>
    <ClInclude Include="Src\Application\GameObject\Terrains\TerrainBase.h">
      <Filter>Src\Application\GameObject\Terrains</Filter>
    </ClInclude>
    <ClInclude Include="Src\Application\GameObject\Characters\Player\Player.h">
      <Filter>Src\Application\GameObject\Characters\Player</Filter>
    </ClInclude>
    <ClInclude Include="Src\Application\GameObject\UI\UIBase.h">
      <Filter>Src\Application\GameObject\UI</Filter>
    </ClInclude>
    <ClInclude Include="Src\Application\GameObject\UI\Reticle\Reticle.h">
      <Filter>Src\Application\GameObject\UI\Reticle</Filter>
    </ClInclude>
    <ClInclude Include="Src\Application\GameObject\Sky\Sky.h">
      <Filter>Src\Application\GameObject\Sky</Filter>
    </ClInclude>
    <ClInclude Include="Src\Application\GameObject\Terrains\Building\Building_Main\Building_Main.h">
      <Filter>Src\Application\GameObject\Terrains\Building\Building_Main</Filter>
    </ClInclude>
    <ClInclude Include="Src\Application\GameObject\Terrains\Building\Building_Roof\Building_Roof.h">
      <Filter>Src\Application\GameObject\Terrains\Building\Building_Roof</Filter>
    </ClInclude>
    <ClInclude Include="Src\Application\GameObject\UI\CardKeyUI\CardKeyUI.h">
      <Filter>Src\Application\GameObject\UI\CardKeyUI</Filter>
    </ClInclude>
    <ClInclude Include="Src\Application\GameObject\Goal\Goal.h">
      <Filter>Src\Application\GameObject\Goal</Filter>
    </ClInclude>
    <ClInclude Include="Src\Application\Scene\ResultScene\ResultScene.h">
      <Filter>Src\Application\Scene\ResultScene</Filter>
    </ClInclude>
    <ClInclude Include="Src\Application\GameObject\Gimmicks\Door\Door_1.h">
      <Filter>Src\Application\GameObject\Gimmicks\Door</Filter>
    </ClInclude>
    <ClInclude Include="Src\Application\GameObject\Item\CardKey\CardKey.h">
      <Filter>Src\Application\GameObject\Item\CardKey</Filter>
    </ClInclude>
    <ClInclude Include="Src\Application\GameObject\Item\SecretFile\SecretFile.h">
      <Filter>Src\Application\GameObject\Item\SecretFile</Filter>
    </ClInclude>
    <ClInclude Include="Src\Application\GameObject\Item\ItemBase.h">
      <Filter>Src\Application\GameObject\Item</Filter>
    </ClInclude>
    <ClInclude Include="Src\Application\GameObject\Gimmicks\LockedDoor\LockedDoor.h">
      <Filter>Src\Application\GameObject\Gimmicks\LockedDoor</Filter>
    </ClInclude>
    <ClInclude Include="Src\Application\GameObject\Gimmicks\Door\Door_2.h">
      <Filter>Src\Application\GameObject\Gimmicks\Door</Filter>
    </ClInclude>
    <ClInclude Include="Src\Application\GameObject\Gimmicks\Door\Door_3.h">
      <Filter>Src\Application\GameObject\Gimmicks\Door</Filter>
    </ClInclude>
    <ClInclude Include="Src\Application\GameObject\UI\SecretFileUI\SecretFileUI.h">
      <Filter>Src\Application\GameObject\UI\SecretFileUI</Filter>
    </ClInclude>
    <ClInclude Include="Src\Application\GameObject\UI\PadKeyUI\PadKeyUI.h">
      <Filter>Src\Application\GameObject\UI\PadKeyUI</Filter>
    </ClInclude>
    <ClInclude Include="Src\Application\GameObject\Characters\Player\Player_Disarm\Player_Disarm.h">
      <Filter>Src\Application\GameObject\Characters\Player\Player_Disarm</Filter>
    </ClInclude>
    <ClInclude Include="Src\Application\GameObject\Characters\Player\Player_Disarm_Pistol\Player_Disarm_Pistol.h">
      <Filter>Src\Application\GameObject\Characters\Player\Player_Disarm_Pistol</Filter>
    </ClInclude>
    <ClInclude Include="Src\Application\GameObject\Characters\Player\Player_Ready_Pistol\Player_Ready_Pistol.h">
      <Filter>Src\Application\GameObject\Characters\Player\Player_Ready_Pistol</Filter>
    </ClInclude>
    <ClInclude Include="Src\Application\GameObject\Terrains\ArmoredCar\ArmoredCar.h">
      <Filter>Src\Application\GameObject\Terrains\ArmoredCar</Filter>
    </ClInclude>
    <ClInclude Include="Src\Application\GameObject\Terrains\Ground\Ground_Bottom\Ground_Bottom.h">
      <Filter>Src\Application\GameObject\Terrains\Ground\Ground_Bottom</Filter>
    </ClInclude>
    <ClInclude Include="Src\Application\GameObject\Terrains\Ground\Ground_UP\Ground_UP.h">
      <Filter>Src\Application\GameObject\Terrains\Ground\Ground_UP</Filter>
    </ClInclude>
    <ClInclude Include="Src\Application\GameObject\Terrains\Grass\Grass.h">
      <Filter>Src\Application\GameObject\Terrains\Grass</Filter>
    </ClInclude>
    <ClInclude Include="Src\Application\GameObject\Terrains\RockWall\RockWall.h">
      <Filter>Src\Application\GameObject\Terrains\RockWall</Filter>
    </ClInclude>
    <ClInclude Include="Src\Application\GameObject\EnemyBullet\EnemyBullet.h">
      <Filter>Src\Application\GameObject\EnemyBullet</Filter>
    </ClInclude>
    <ClInclude Include="Src\Application\GameObject\UI\CollectCardKeyUI\CollectCardKeyUI.h">
      <Filter>Src\Application\GameObject\UI\CollectCardKeyUI</Filter>
    </ClInclude>
    <ClInclude Include="Src\Application\GameObject\UI\CollectSecretFileUI\CollectSecretFileUI.h">
      <Filter>Src\Application\GameObject\UI\CollectSecretFileUI</Filter>
    </ClInclude>
    <ClInclude Include="Src\Application\GameObject\UI\CollectUIBack\CollectUIBack.h">
      <Filter>Src\Application\GameObject\UI\CollectUIBack</Filter>
    </ClInclude>
    <ClInclude Include="Src\Application\GameObject\UI\GunInfoUI\GunInfoUI.h">
      <Filter>Src\Application\GameObject\UI\GunInfoUI</Filter>
    </ClInclude>
    <ClInclude Include="Src\Application\GameObject\UI\GunInfoUIBack\GunInfoUIBack.h">
      <Filter>Src\Application\GameObject\UI\GunInfoUIBack</Filter>
    </ClInclude>
    <ClInclude Include="Src\Application\GameObject\UI\BulletNumUI\BulletNumUI.h">
      <Filter>Src\Application\GameObject\UI\BulletNumUI</Filter>
    </ClInclude>
    <ClInclude Include="Src\Application\GameObject\Bullet\Bullet.h">
      <Filter>Src\Application\GameObject\Bullet</Filter>
    </ClInclude>
    <ClInclude Include="Src\Application\GameObject\UI\HPBarUI\HPBarUI.h">
      <Filter>Src\Application\GameObject\UI\HPBarUI</Filter>
    </ClInclude>
    <ClInclude Include="Src\Application\GameObject\UI\MiniMapUI\MiniMapUI.h">
      <Filter>Src\Application\GameObject\UI\MiniMapUI</Filter>
    </ClInclude>
    <ClInclude Include="Src\Application\GameObject\UI\MiniMapUIBack\MiniMapUIBack.h">
      <Filter>Src\Application\GameObject\UI\MiniMapUIBack</Filter>
    </ClInclude>
    <ClInclude Include="Src\Application\GameObject\UI\CurrentLocation\CurrentLocation.h">
      <Filter>Src\Application\GameObject\UI\CurrentLocation</Filter>
    </ClInclude>
    <ClInclude Include="Src\Application\GameObject\Characters\Player\Player_Main\Player_Main.h">
      <Filter>Src\Application\GameObject\Characters\Player\Player_Main</Filter>
    </ClInclude>
    <ClInclude Include="Src\Application\GameObject\UI\CardKeyLocation\CardKeyLocation.h">
      <Filter>Src\Application\GameObject\UI\CardKeyLocationUI</Filter>
    </ClInclude>
    <ClInclude Include="Src\Application\GameObject\UI\SecretFileLocation\SecretFileLocation.h">
      <Filter>Src\Application\GameObject\UI\SecretFileLocation</Filter>
    </ClInclude>
    <ClInclude Include="Src\Application\GameObject\UI\HPBarUIBack\HPBarUIBack.h">
      <Filter>Src\Application\GameObject\UI\HPBarUIBack</Filter>
    </ClInclude>
    <ClInclude Include="Src\Application\GameObject\UI\RestraintUI\RestraintUI.h">
      <Filter>Src\Application\GameObject\UI\RestraintUI</Filter>
    </ClInclude>
    <ClInclude Include="Src\Application\GameObject\UI\KillUI\KillUI.h">
      <Filter>Src\Application\GameObject\UI\KillUI</Filter>
    </ClInclude>
    <ClInclude Include="Src\Application\GameObject\UI\InterrogationUI\InterrogationUI.h">
      <Filter>Src\Application\GameObject\UI\InterrogationUI</Filter>
    </ClInclude>
    <ClInclude Include="Src\Application\GameObject\UI\AnswerUI\AnswerUI.h">
      <Filter>Src\Application\GameObject\UI\AnswerUI</Filter>
    </ClInclude>
    <ClInclude Include="Src\Application\GameObject\UI\AnswerUIBack\AnswerUIBack.h">
      <Filter>Src\Application\GameObject\UI\AnswerUIBack</Filter>
    </ClInclude>
    <ClInclude Include="Src\Application\GameObject\UI\NoAnswerUI\NoAnswerUI.h">
      <Filter>Src\Application\GameObject\UI\NoAnswerUI</Filter>
    </ClInclude>
    <ClInclude Include="Src\Application\GameObject\UI\MapUpdateUI\MapUpdateUI.h">
      <Filter>Src\Application\GameObject\UI\MapUpdateUI</Filter>
    </ClInclude>
    <ClInclude Include="Src\Application\GameObject\UI\MapUpdateUIBack\MapUpdateUIBack.h">
      <Filter>Src\Application\GameObject\UI\MapUpdateUIBack</Filter>
    </ClInclude>
    <ClInclude Include="Src\Application\GameObject\UI\MainMissionUI\MainMissionUI.h">
      <Filter>Src\Application\GameObject\UI\MainMissionUI</Filter>
    </ClInclude>
    <ClInclude Include="Src\Application\GameObject\Characters\Enemy\Enemy_1\Enemy_1.h">
      <Filter>Src\Application\GameObject\Characters\Enemy\Enemy_1</Filter>
    </ClInclude>
    <ClInclude Include="Src\Application\GameObject\Characters\Enemy\Enemy_1\Enemy_Gun_1\Enemy_Gun_1.h">
      <Filter>Src\Application\GameObject\Characters\Enemy\Enemy_1\Enemy_Gun_1</Filter>
    </ClInclude>
    <ClInclude Include="Src\Application\GameObject\Characters\Enemy\Enemy_1\Enemy_Gun_NoMagazine_1\Enemy_Gun_NoMagazine_1.h">
      <Filter>Src\Application\GameObject\Characters\Enemy\Enemy_1\Enemy_Gun_NoMagazine_1</Filter>
    </ClInclude>
    <ClInclude Include="Src\Application\GameObject\Characters\Enemy\Enemy_1\Enemy_Magazine_1\Enemy_Magazine_1.h">
      <Filter>Src\Application\GameObject\Characters\Enemy\Enemy_1\Enemy_Magazine_1</Filter>
    </ClInclude>
    <ClInclude Include="Src\Application\GameObject\Characters\Enemy\Enemy_1\Enemy_Main_1\Enemy_Main_1.h">
      <Filter>Src\Application\GameObject\Characters\Enemy\Enemy_1\Enemy_Main_1</Filter>
    </ClInclude>
    <ClInclude Include="Src\Application\GameObject\Characters\Enemy\Enemy_2\Enemy_Gun_2\Enemy_Gun_2.h">
      <Filter>Src\Application\GameObject\Characters\Enemy\Enemy_2\Enemy_Gun_2</Filter>
    </ClInclude>
    <ClInclude Include="Src\Application\GameObject\Characters\Enemy\Enemy_2\Enemy_Gun_NoMagazine_2\Enemy_Gun_NoMagazine_2.h">
      <Filter>Src\Application\GameObject\Characters\Enemy\Enemy_2\Enemy_Gun_NoMagazine_2</Filter>
    </ClInclude>
    <ClInclude Include="Src\Application\GameObject\Characters\Enemy\Enemy_2\Enemy_Magazine_2\Enemy_Magazine_2.h">
      <Filter>Src\Application\GameObject\Characters\Enemy\Enemy_2\Enemy_Magazine_2</Filter>
    </ClInclude>
    <ClInclude Include="Src\Application\GameObject\Characters\Enemy\Enemy_2\Enemy_Main_2\Enemy_Main_2.h">
      <Filter>Src\Application\GameObject\Characters\Enemy\Enemy_2\Enemy_Main_2</Filter>
    </ClInclude>
    <ClInclude Include="Src\Application\GameObject\Characters\Enemy\Enemy_2\Enemy_2.h">
      <Filter>Src\Application\GameObject\Characters\Enemy\Enemy_2</Filter>
    </ClInclude>
    <ClInclude Include="Src\Application\GameObject\Characters\Enemy\Enemy_3\Enemy_Gun_3\Enemy_Gun_3.h">
      <Filter>Src\Application\GameObject\Characters\Enemy\Enemy_3\Enemy_Gun_3</Filter>
    </ClInclude>
    <ClInclude Include="Src\Application\GameObject\Characters\Enemy\Enemy_3\Enemy_Gun_NoMagazine_3\Enemy_Gun_NoMagazine_3.h">
      <Filter>Src\Application\GameObject\Characters\Enemy\Enemy_3\Enemy_Gun_NoMagazine_3</Filter>
    </ClInclude>
    <ClInclude Include="Src\Application\GameObject\Characters\Enemy\Enemy_3\Enemy_Magazine_3\Enemy_Magazine_3.h">
      <Filter>Src\Application\GameObject\Characters\Enemy\Enemy_3\Enemy_Magazine_3</Filter>
    </ClInclude>
    <ClInclude Include="Src\Application\GameObject\Characters\Enemy\Enemy_3\Enemy_Main_3\Enemy_Main_3.h">
      <Filter>Src\Application\GameObject\Characters\Enemy\Enemy_3\Enemy_Main_3</Filter>
    </ClInclude>
    <ClInclude Include="Src\Application\GameObject\Characters\Enemy\Enemy_3\Enemy_3.h">
      <Filter>Src\Application\GameObject\Characters\Enemy\Enemy_3</Filter>
    </ClInclude>
    <ClInclude Include="Src\Application\GameObject\UI\ExclamationMarkUI\ExclamationMarkUI.h">
      <Filter>Src\Application\GameObject\UI\ExclamationMarkUI</Filter>
    </ClInclude>
    <ClInclude Include="Src\Application\GameObject\Effect\MuzzleFlash\MuzzleFlash.h">
      <Filter>Src\Application\GameObject\Effect\MuzzleFlash</Filter>
    </ClInclude>
    <ClInclude Include="Src\Application\GameObject\Terrains\Building\Light\Light.h">
      <Filter>Src\Application\GameObject\Terrains\Building\Light</Filter>
    </ClInclude>
    <ClInclude Include="Src\Application\GameObject\Camera\TitleCamera\TitleCamera.h">
      <Filter>Src\Application\GameObject\Camera\TitleCamera</Filter>
    </ClInclude>
    <ClInclude Include="Src\Application\GameObject\Title_Sky\Title_Sky.h">
      <Filter>Src\Application\GameObject\Title_Sky</Filter>
    </ClInclude>
    <ClInclude Include="Src\Application\GameObject\Helicopter\Helicopter.h">
      <Filter>Src\Application\GameObject\Helicopter</Filter>
    </ClInclude>
    <ClInclude Include="Src\Application\GameObject\TitleLogo\TitleLogo.h">
      <Filter>Src\Application\GameObject\TitleLogo</Filter>
    </ClInclude>
    <ClInclude Include="Src\Application\GameObject\Title_Back\Title_Back.h">
      <Filter>Src\Application\GameObject\Title_Back</Filter>
    </ClInclude>
    <ClInclude Include="Src\Application\GameObject\UI\PressEnterUI\PressEnterUI.h">
      <Filter>Src\Application\GameObject\UI\PressEnterUI</Filter>
    </ClInclude>
    <ClInclude Include="Src\Application\GameObject\Game_Back\Game_Back.h">
      <Filter>Src\Application\GameObject\Game_Back</Filter>
    </ClInclude>
    <ClInclude Include="Src\Application\GameObject\Result_Back\Result_Back.h">
      <Filter>Src\Application\GameObject\ResultBack</Filter>
    </ClInclude>
    <ClInclude Include="Src\Application\GameObject\ResultLogo\ResultLogo.h">
      <Filter>Src\Application\GameObject\Result_Logo</Filter>
    </ClInclude>
    <ClInclude Include="Src\Application\GameObject\UI\GoalUI\GoalUI.h">
      <Filter>Src\Application\GameObject\UI\GoalUI</Filter>
    </ClInclude>
    <ClInclude Include="Src\Application\GameObject\UI\NeedCardKeyUI\NeedCradKeyUI.h">
      <Filter>Src\Application\GameObject\UI\NeedCardKeuUI</Filter>
    </ClInclude>
    <ClInclude Include="Src\Application\GameObject\UI\SubMissionUI\SubMissionUI.h">
      <Filter>Src\Application\GameObject\UI\SubMissionUI</Filter>
    </ClInclude>
    <ClInclude Include="Src\Application\Scene\GameOverScene\GameOverScene.h">
      <Filter>Src\Application\Scene\GameOverScene</Filter>
    </ClInclude>
    <ClInclude Include="Src\Application\GameObject\UI\GameOver\MissionFailedBack\MissionFailedBack.h">
      <Filter>Src\Application\GameObject\UI\GameOver\MissionFailedBack</Filter>
    </ClInclude>
    <ClInclude Include="Src\Application\GameObject\UI\GameOver\GameOver_Back\GameOver_Back.h">
      <Filter>Src\Application\GameObject\UI\GameOver\GameOver_Back</Filter>
    </ClInclude>
    <ClInclude Include="Src\Application\GameObject\UI\GameOver\SelectTitle\SelectTitle.h">
      <Filter>Src\Application\GameObject\UI\GameOver\SelectTitle</Filter>
    </ClInclude>
    <ClInclude Include="Src\Application\GameObject\UI\GameOver\SelectRetry\SelectRetry.h">
      <Filter>Src\Application\GameObject\UI\GameOver\SelectRetry</Filter>
    </ClInclude>
    <ClInclude Include="Src\Application\GameObject\UI\MissionDisplayUI\MissionDisplayUI.h">
      <Filter>Src\Application\GameObject\UI\MissionDisplayUI</Filter>
    </ClInclude>
    <ClInclude Include="Src\Application\GameObject\Terrains\Building\Furniture\Bed\Bed.h">
      <Filter>Src\Application\GameObject\Terrains\Building\Furniture\Bed</Filter>
    </ClInclude>
  </ItemGroup>
  <ItemGroup>
    <ClCompile Include="src\Pch.cpp">
      <Filter>Src</Filter>
    </ClCompile>
    <ClCompile Include="Src\Application\main.cpp">
      <Filter>Src\Application</Filter>
    </ClCompile>
    <ClCompile Include="src\Framework\Direct3D\KdDirect3D.cpp">
      <Filter>Src\Framework\Direct3D</Filter>
    </ClCompile>
    <ClCompile Include="src\Framework\Direct3D\KdTexture.cpp">
      <Filter>Src\Framework\Direct3D</Filter>
    </ClCompile>
    <ClCompile Include="src\Framework\Direct3D\KdBuffer.cpp">
      <Filter>Src\Framework\Direct3D</Filter>
    </ClCompile>
    <ClCompile Include="Src\Framework\Direct3D\KdGLTFLoader.cpp">
      <Filter>Src\Framework\Direct3D</Filter>
    </ClCompile>
    <ClCompile Include="Src\Framework\Shader\KdShaderManager.cpp">
      <Filter>Src\Framework\Shader</Filter>
    </ClCompile>
    <ClCompile Include="Src\Framework\Shader\SpriteShader\KdSpriteShader.cpp">
      <Filter>Src\Framework\Shader\SpriteShader</Filter>
    </ClCompile>
    <ClCompile Include="src\Framework\Window\KdWindow.cpp">
      <Filter>Src\Framework\Window</Filter>
    </ClCompile>
    <ClCompile Include="Src\Framework\Utility\KdUtility.cpp">
      <Filter>Src\Framework\Utility</Filter>
    </ClCompile>
    <ClCompile Include="src\Framework\Direct3D\KdMesh.cpp">
      <Filter>Src\Framework\Direct3D</Filter>
    </ClCompile>
    <ClCompile Include="Src\Framework\Direct3D\KdModel.cpp">
      <Filter>Src\Framework\Direct3D</Filter>
    </ClCompile>
    <ClCompile Include="Src\Framework\Math\KdCollision.cpp">
      <Filter>Src\Framework\Math</Filter>
    </ClCompile>
    <ClCompile Include="Src\Framework\Math\KdAnimation.cpp">
      <Filter>Src\Framework\Math</Filter>
    </ClCompile>
    <ClCompile Include="Src\Framework\Audio\KdAudio.cpp">
      <Filter>Src\Framework\Audio</Filter>
    </ClCompile>
    <ClCompile Include="Src\Framework\Direct3D\KdCamera.cpp">
      <Filter>Src\Framework\Direct3D</Filter>
    </ClCompile>
    <ClCompile Include="Src\Framework\Shader\PostProcessShader\KdPostProcessShader.cpp">
      <Filter>Src\Framework\Shader\PostProcessShader</Filter>
    </ClCompile>
    <ClCompile Include="Src\Framework\Math\KdCollider.cpp">
      <Filter>Src\Framework\Math</Filter>
    </ClCompile>
    <ClCompile Include="Src\Framework\Math\KdEasing.cpp">
      <Filter>Src\Framework\Math</Filter>
    </ClCompile>
    <ClCompile Include="Src\Framework\GameObject\KdGameObject.cpp">
      <Filter>Src\Framework\GameObject</Filter>
    </ClCompile>
    <ClCompile Include="Src\Framework\GameObject\KdGameObjectFactory.cpp">
      <Filter>Src\Framework\GameObject</Filter>
    </ClCompile>
    <ClCompile Include="Src\Framework\Input\KdInput.cpp">
      <Filter>Src\Framework\Input</Filter>
    </ClCompile>
    <ClCompile Include="Src\Framework\Utility\KdCSVData.cpp">
      <Filter>Src\Framework\Utility</Filter>
    </ClCompile>
    <ClCompile Include="Src\Framework\Direct3D\Polygon\KdSquarePolygon.cpp">
      <Filter>Src\Framework\Direct3D\Polygon</Filter>
    </ClCompile>
    <ClCompile Include="Src\Framework\Direct3D\Polygon\KdTrailPolygon.cpp">
      <Filter>Src\Framework\Direct3D\Polygon</Filter>
    </ClCompile>
    <ClCompile Include="Src\Framework\Direct3D\KdMaterial.cpp">
      <Filter>Src\Framework\Direct3D</Filter>
    </ClCompile>
    <ClCompile Include="Src\Framework\Direct3D\Polygon\KdPolygon.cpp">
      <Filter>Src\Framework\Direct3D\Polygon</Filter>
    </ClCompile>
    <ClCompile Include="Src\Framework\Shader\KdAmbientController.cpp">
      <Filter>Src\Framework\Shader</Filter>
    </ClCompile>
    <ClCompile Include="Src\Framework\Math\KdUVAnimation.cpp">
      <Filter>Src\Framework\Math</Filter>
    </ClCompile>
    <ClCompile Include="Src\Framework\Shader\KdRenderTargetChange.cpp">
      <Filter>Src\Framework\Shader</Filter>
    </ClCompile>
    <ClCompile Include="Src\Framework\Utility\KdFPSController.cpp">
      <Filter>Src\Framework\Utility</Filter>
    </ClCompile>
    <ClCompile Include="Src\Framework\Utility\KdDebugWireFrame.cpp">
      <Filter>Src\Framework\Utility</Filter>
    </ClCompile>
    <ClCompile Include="Src\Framework\Shader\StandardShader\KdStandardShader.cpp">
      <Filter>Src\Framework\Shader\StandardShader</Filter>
    </ClCompile>
    <ClCompile Include="Src\Framework\Effekseer\KdEffekseerManager.cpp">
      <Filter>Src\Framework\Effekseer</Filter>
    </ClCompile>
    <ClCompile Include="Src\Application\Scene\SceneManager.cpp">
      <Filter>Src\Application\Scene</Filter>
    </ClCompile>
    <ClCompile Include="Src\Application\Scene\BaseScene\BaseScene.cpp">
      <Filter>Src\Application\Scene\BaseScene</Filter>
    </ClCompile>
    <ClCompile Include="Src\Application\Scene\GameScene\GameScene.cpp">
      <Filter>Src\Application\Scene\GameScene</Filter>
    </ClCompile>
    <ClCompile Include="Src\Application\Scene\TitleScene\TitleScene.cpp">
      <Filter>Src\Application\Scene\TitleScene</Filter>
    </ClCompile>
    <ClCompile Include="..\Library\imgui\imgui.cpp">
      <Filter>Library\imgui</Filter>
    </ClCompile>
    <ClCompile Include="..\Library\imgui\imgui_demo.cpp">
      <Filter>Library\imgui</Filter>
    </ClCompile>
    <ClCompile Include="..\Library\imgui\imgui_draw.cpp">
      <Filter>Library\imgui</Filter>
    </ClCompile>
    <ClCompile Include="..\Library\imgui\imgui_impl_dx11.cpp">
      <Filter>Library\imgui</Filter>
    </ClCompile>
    <ClCompile Include="..\Library\imgui\imgui_impl_win32.cpp">
      <Filter>Library\imgui</Filter>
    </ClCompile>
    <ClCompile Include="..\Library\imgui\imgui_tables.cpp">
      <Filter>Library\imgui</Filter>
    </ClCompile>
    <ClCompile Include="..\Library\imgui\imgui_widgets.cpp">
      <Filter>Library\imgui</Filter>
    </ClCompile>
    <ClCompile Include="..\Library\imgui\imgui_stdlib.cpp">
      <Filter>Library\imgui</Filter>
    </ClCompile>
    <ClCompile Include="Src\Application\GameObject\Camera\CameraBase.cpp">
      <Filter>Src\Application\GameObject\Camera</Filter>
    </ClCompile>
    <ClCompile Include="Src\Application\GameObject\Camera\TPSCamera\TPSCamera.cpp">
      <Filter>Src\Application\GameObject\Camera\TPSCamera</Filter>
    </ClCompile>
    <ClCompile Include="Src\Application\GameObject\Characters\CharaBase.cpp">
      <Filter>Src\Application\GameObject\Characters</Filter>
    </ClCompile>
    <ClCompile Include="Src\Application\GameObject\Terrains\TerrainBase.cpp">
      <Filter>Src\Application\GameObject\Terrains</Filter>
    </ClCompile>
    <ClCompile Include="Src\Application\GameObject\Characters\Player\Player.cpp">
      <Filter>Src\Application\GameObject\Characters\Player</Filter>
    </ClCompile>
    <ClCompile Include="Src\Application\GameObject\UI\UIBase.cpp">
      <Filter>Src\Application\GameObject\UI</Filter>
    </ClCompile>
    <ClCompile Include="Src\Application\GameObject\UI\Reticle\Reticle.cpp">
      <Filter>Src\Application\GameObject\UI\Reticle</Filter>
    </ClCompile>
    <ClCompile Include="Src\Application\GameObject\Sky\Sky.cpp">
      <Filter>Src\Application\GameObject\Sky</Filter>
    </ClCompile>
    <ClCompile Include="Src\Application\GameObject\Terrains\Building\Building_Main\Building_Main.cpp">
      <Filter>Src\Application\GameObject\Terrains\Building\Building_Main</Filter>
    </ClCompile>
    <ClCompile Include="Src\Application\GameObject\Terrains\Building\Building_Roof\Building_Roof.cpp">
      <Filter>Src\Application\GameObject\Terrains\Building\Building_Roof</Filter>
    </ClCompile>
    <ClCompile Include="Src\Application\GameObject\UI\CardKeyUI\CardKeyUI.cpp">
      <Filter>Src\Application\GameObject\UI\CardKeyUI</Filter>
    </ClCompile>
    <ClCompile Include="Src\Application\GameObject\Goal\Goal.cpp">
      <Filter>Src\Application\GameObject\Goal</Filter>
    </ClCompile>
    <ClCompile Include="Src\Application\Scene\ResultScene\ResultScene.cpp">
      <Filter>Src\Application\Scene\ResultScene</Filter>
    </ClCompile>
    <ClCompile Include="Src\Application\GameObject\Gimmicks\Door\Door_1.cpp">
      <Filter>Src\Application\GameObject\Gimmicks\Door</Filter>
    </ClCompile>
    <ClCompile Include="Src\Application\GameObject\Item\CardKey\CardKey.cpp">
      <Filter>Src\Application\GameObject\Item\CardKey</Filter>
    </ClCompile>
    <ClCompile Include="Src\Application\GameObject\Item\SecretFile\SecretFile.cpp">
      <Filter>Src\Application\GameObject\Item\SecretFile</Filter>
    </ClCompile>
    <ClCompile Include="Src\Application\GameObject\Item\ItemBase.cpp">
      <Filter>Src\Application\GameObject\Item</Filter>
    </ClCompile>
    <ClCompile Include="Src\Application\GameObject\Gimmicks\LockedDoor\LockedDoor.cpp">
      <Filter>Src\Application\GameObject\Gimmicks\LockedDoor</Filter>
    </ClCompile>
    <ClCompile Include="Src\Application\GameObject\Gimmicks\Door\Door_2.cpp">
      <Filter>Src\Application\GameObject\Gimmicks\Door</Filter>
    </ClCompile>
    <ClCompile Include="Src\Application\GameObject\Gimmicks\Door\Door_3.cpp">
      <Filter>Src\Application\GameObject\Gimmicks\Door</Filter>
    </ClCompile>
    <ClCompile Include="Src\Application\GameObject\UI\SecretFileUI\SecretFileUI.cpp">
      <Filter>Src\Application\GameObject\UI\SecretFileUI</Filter>
    </ClCompile>
    <ClCompile Include="Src\Application\GameObject\UI\PadKeyUI\PadKeyUI.cpp">
      <Filter>Src\Application\GameObject\UI\PadKeyUI</Filter>
    </ClCompile>
    <ClCompile Include="Src\Application\GameObject\Characters\Player\Player_Disarm\Player_Disarm.cpp">
      <Filter>Src\Application\GameObject\Characters\Player\Player_Disarm</Filter>
    </ClCompile>
    <ClCompile Include="Src\Application\GameObject\Characters\Player\Player_Disarm_Pistol\Player_Disarm_Pistol.cpp">
      <Filter>Src\Application\GameObject\Characters\Player\Player_Disarm_Pistol</Filter>
    </ClCompile>
    <ClCompile Include="Src\Application\GameObject\Characters\Player\Player_Ready_Pistol\Player_Ready_Pistol.cpp">
      <Filter>Src\Application\GameObject\Characters\Player\Player_Ready_Pistol</Filter>
    </ClCompile>
    <ClCompile Include="Src\Application\GameObject\Terrains\ArmoredCar\ArmoredCar.cpp">
      <Filter>Src\Application\GameObject\Terrains\ArmoredCar</Filter>
    </ClCompile>
    <ClCompile Include="Src\Application\GameObject\Terrains\Ground\Ground_Bottom\Ground_Bottom.cpp">
      <Filter>Src\Application\GameObject\Terrains\Ground\Ground_Bottom</Filter>
    </ClCompile>
    <ClCompile Include="Src\Application\GameObject\Terrains\Ground\Ground_UP\Ground_UP.cpp">
      <Filter>Src\Application\GameObject\Terrains\Ground\Ground_UP</Filter>
    </ClCompile>
    <ClCompile Include="Src\Application\GameObject\Terrains\Grass\Grass.cpp">
      <Filter>Src\Application\GameObject\Terrains\Grass</Filter>
    </ClCompile>
    <ClCompile Include="Src\Application\GameObject\Terrains\RockWall\RockWall.cpp">
      <Filter>Src\Application\GameObject\Terrains\RockWall</Filter>
    </ClCompile>
    <ClCompile Include="Src\Application\GameObject\EnemyBullet\EnemyBullet.cpp">
      <Filter>Src\Application\GameObject\EnemyBullet</Filter>
    </ClCompile>
    <ClCompile Include="Src\Application\GameObject\UI\CollectCardKeyUI\CollectCardKeyUI.cpp">
      <Filter>Src\Application\GameObject\UI\CollectCardKeyUI</Filter>
    </ClCompile>
    <ClCompile Include="Src\Application\GameObject\UI\CollectSecretFileUI\CollectSecretFileUI.cpp">
      <Filter>Src\Application\GameObject\UI\CollectSecretFileUI</Filter>
    </ClCompile>
    <ClCompile Include="Src\Application\GameObject\UI\CollectUIBack\CollectUIBack.cpp">
      <Filter>Src\Application\GameObject\UI\CollectUIBack</Filter>
    </ClCompile>
    <ClCompile Include="Src\Application\GameObject\UI\GunInfoUI\GunInfoUI.cpp">
      <Filter>Src\Application\GameObject\UI\GunInfoUI</Filter>
    </ClCompile>
    <ClCompile Include="Src\Application\GameObject\UI\GunInfoUIBack\GunInfoUIBack.cpp">
      <Filter>Src\Application\GameObject\UI\GunInfoUIBack</Filter>
    </ClCompile>
    <ClCompile Include="Src\Application\GameObject\UI\BulletNumUI\BulletNumUI.cpp">
      <Filter>Src\Application\GameObject\UI\BulletNumUI</Filter>
    </ClCompile>
    <ClCompile Include="Src\Application\GameObject\Bullet\Bullet.cpp">
      <Filter>Src\Application\GameObject\Bullet</Filter>
    </ClCompile>
    <ClCompile Include="Src\Application\GameObject\UI\HPBarUI\HPBarUI.cpp">
      <Filter>Src\Application\GameObject\UI\HPBarUI</Filter>
    </ClCompile>
    <ClCompile Include="Src\Application\GameObject\UI\MiniMapUI\MiniMapUI.cpp">
      <Filter>Src\Application\GameObject\UI\MiniMapUI</Filter>
    </ClCompile>
    <ClCompile Include="Src\Application\GameObject\UI\MiniMapUIBack\MiniMapUIBack.cpp">
      <Filter>Src\Application\GameObject\UI\MiniMapUIBack</Filter>
    </ClCompile>
    <ClCompile Include="Src\Application\GameObject\UI\CurrentLocation\CurrentLocation.cpp">
      <Filter>Src\Application\GameObject\UI\CurrentLocation</Filter>
    </ClCompile>
    <ClCompile Include="Src\Application\GameObject\Characters\Player\Player_Main\Player_Main.cpp">
      <Filter>Src\Application\GameObject\Characters\Player\Player_Main</Filter>
    </ClCompile>
    <ClCompile Include="Src\Application\GameObject\UI\CardKeyLocation\CardKeyLocation.cpp">
      <Filter>Src\Application\GameObject\UI\CardKeyLocationUI</Filter>
    </ClCompile>
    <ClCompile Include="Src\Application\GameObject\UI\SecretFileLocation\SecretFileLocation.cpp">
      <Filter>Src\Application\GameObject\UI\SecretFileLocation</Filter>
    </ClCompile>
    <ClCompile Include="Src\Application\GameObject\UI\HPBarUIBack\HPBarUIBack.cpp">
      <Filter>Src\Application\GameObject\UI\HPBarUIBack</Filter>
    </ClCompile>
    <ClCompile Include="Src\Application\GameObject\UI\RestraintUI\RestraintUI.cpp">
      <Filter>Src\Application\GameObject\UI\RestraintUI</Filter>
    </ClCompile>
    <ClCompile Include="Src\Application\GameObject\UI\KillUI\KillUI.cpp">
      <Filter>Src\Application\GameObject\UI\KillUI</Filter>
    </ClCompile>
    <ClCompile Include="Src\Application\GameObject\UI\InterrogationUI\InterrogationUI.cpp">
      <Filter>Src\Application\GameObject\UI\InterrogationUI</Filter>
    </ClCompile>
    <ClCompile Include="Src\Application\GameObject\UI\AnswerUI\AnswerUI.cpp">
      <Filter>Src\Application\GameObject\UI\AnswerUI</Filter>
    </ClCompile>
    <ClCompile Include="Src\Application\GameObject\UI\AnswerUIBack\AnswerUIBack.cpp">
      <Filter>Src\Application\GameObject\UI\AnswerUIBack</Filter>
    </ClCompile>
    <ClCompile Include="Src\Application\GameObject\UI\NoAnswerUI\NoAnswerUI.cpp">
      <Filter>Src\Application\GameObject\UI\NoAnswerUI</Filter>
    </ClCompile>
    <ClCompile Include="Src\Application\GameObject\UI\MapUpdateUI\MapUpdateUI.cpp">
      <Filter>Src\Application\GameObject\UI\MapUpdateUI</Filter>
    </ClCompile>
    <ClCompile Include="Src\Application\GameObject\UI\MapUpdateUIBack\MapUpdateUIBack.cpp">
      <Filter>Src\Application\GameObject\UI\MapUpdateUIBack</Filter>
    </ClCompile>
    <ClCompile Include="Src\Application\GameObject\UI\MainMissionUI\MainMissionUI.cpp">
      <Filter>Src\Application\GameObject\UI\MainMissionUI</Filter>
    </ClCompile>
    <ClCompile Include="Src\Application\GameObject\Characters\Enemy\Enemy_1\Enemy_1.cpp">
      <Filter>Src\Application\GameObject\Characters\Enemy\Enemy_1</Filter>
    </ClCompile>
    <ClCompile Include="Src\Application\GameObject\Characters\Enemy\Enemy_1\Enemy_Gun_1\Enemy_Gun_1.cpp">
      <Filter>Src\Application\GameObject\Characters\Enemy\Enemy_1\Enemy_Gun_1</Filter>
    </ClCompile>
    <ClCompile Include="Src\Application\GameObject\Characters\Enemy\Enemy_1\Enemy_Gun_NoMagazine_1\Enemy_Gun_NoMagazine_1.cpp">
      <Filter>Src\Application\GameObject\Characters\Enemy\Enemy_1\Enemy_Gun_NoMagazine_1</Filter>
    </ClCompile>
    <ClCompile Include="Src\Application\GameObject\Characters\Enemy\Enemy_1\Enemy_Magazine_1\Enemy_Magazine_1.cpp">
      <Filter>Src\Application\GameObject\Characters\Enemy\Enemy_1\Enemy_Magazine_1</Filter>
    </ClCompile>
    <ClCompile Include="Src\Application\GameObject\Characters\Enemy\Enemy_1\Enemy_Main_1\Enemy_Main_1.cpp">
      <Filter>Src\Application\GameObject\Characters\Enemy\Enemy_1\Enemy_Main_1</Filter>
    </ClCompile>
    <ClCompile Include="Src\Application\GameObject\Characters\Enemy\Enemy_2\Enemy_Gun_2\Enemy_Gun_2.cpp">
      <Filter>Src\Application\GameObject\Characters\Enemy\Enemy_2\Enemy_Gun_2</Filter>
    </ClCompile>
    <ClCompile Include="Src\Application\GameObject\Characters\Enemy\Enemy_2\Enemy_Gun_NoMagazine_2\Enemy_Gun_NoMagazine_2.cpp">
      <Filter>Src\Application\GameObject\Characters\Enemy\Enemy_2\Enemy_Gun_NoMagazine_2</Filter>
    </ClCompile>
    <ClCompile Include="Src\Application\GameObject\Characters\Enemy\Enemy_2\Enemy_Magazine_2\Enemy_Magazine_2.cpp">
      <Filter>Src\Application\GameObject\Characters\Enemy\Enemy_2\Enemy_Magazine_2</Filter>
    </ClCompile>
    <ClCompile Include="Src\Application\GameObject\Characters\Enemy\Enemy_2\Enemy_Main_2\Enemy_Main_2.cpp">
      <Filter>Src\Application\GameObject\Characters\Enemy\Enemy_2\Enemy_Main_2</Filter>
    </ClCompile>
    <ClCompile Include="Src\Application\GameObject\Characters\Enemy\Enemy_2\Enemy_2.cpp">
      <Filter>Src\Application\GameObject\Characters\Enemy\Enemy_2</Filter>
    </ClCompile>
    <ClCompile Include="Src\Application\GameObject\Characters\Enemy\Enemy_3\Enemy_Gun_3\Enemy_Gun_3.cpp">
      <Filter>Src\Application\GameObject\Characters\Enemy\Enemy_3\Enemy_Gun_3</Filter>
    </ClCompile>
    <ClCompile Include="Src\Application\GameObject\Characters\Enemy\Enemy_3\Enemy_Gun_NoMagazine_3\Enemy_Gun_NoMagazine_3.cpp">
      <Filter>Src\Application\GameObject\Characters\Enemy\Enemy_3\Enemy_Gun_NoMagazine_3</Filter>
    </ClCompile>
    <ClCompile Include="Src\Application\GameObject\Characters\Enemy\Enemy_3\Enemy_Magazine_3\Enemy_Magazine_3.cpp">
      <Filter>Src\Application\GameObject\Characters\Enemy\Enemy_3\Enemy_Magazine_3</Filter>
    </ClCompile>
    <ClCompile Include="Src\Application\GameObject\Characters\Enemy\Enemy_3\Enemy_Main_3\Enemy_Main_3.cpp">
      <Filter>Src\Application\GameObject\Characters\Enemy\Enemy_3\Enemy_Main_3</Filter>
    </ClCompile>
    <ClCompile Include="Src\Application\GameObject\Characters\Enemy\Enemy_3\Enemy_3.cpp">
      <Filter>Src\Application\GameObject\Characters\Enemy\Enemy_3</Filter>
    </ClCompile>
    <ClCompile Include="Src\Application\GameObject\UI\ExclamationMarkUI\ExclamationMarkUI.cpp">
      <Filter>Src\Application\GameObject\UI\ExclamationMarkUI</Filter>
    </ClCompile>
    <ClCompile Include="Src\Application\GameObject\Effect\MuzzleFlash\MuzzleFlash.cpp">
      <Filter>Src\Application\GameObject\Effect\MuzzleFlash</Filter>
    </ClCompile>
    <ClCompile Include="Src\Application\GameObject\Terrains\Building\Light\Light.cpp">
      <Filter>Src\Application\GameObject\Terrains\Building\Light</Filter>
    </ClCompile>
    <ClCompile Include="Src\Application\GameObject\Camera\TitleCamera\TitleCamera.cpp">
      <Filter>Src\Application\GameObject\Camera\TitleCamera</Filter>
    </ClCompile>
    <ClCompile Include="Src\Application\GameObject\Title_Sky\Title_Sky.cpp">
      <Filter>Src\Application\GameObject\Title_Sky</Filter>
    </ClCompile>
    <ClCompile Include="Src\Application\GameObject\Helicopter\Helicopter.cpp">
      <Filter>Src\Application\GameObject\Helicopter</Filter>
    </ClCompile>
    <ClCompile Include="Src\Application\GameObject\TitleLogo\TitleLogo.cpp">
      <Filter>Src\Application\GameObject\TitleLogo</Filter>
    </ClCompile>
    <ClCompile Include="Src\Application\GameObject\Title_Back\Title_Back.cpp">
      <Filter>Src\Application\GameObject\Title_Back</Filter>
    </ClCompile>
    <ClCompile Include="Src\Application\GameObject\UI\PressEnterUI\PressEnterUI.cpp">
      <Filter>Src\Application\GameObject\UI\PressEnterUI</Filter>
    </ClCompile>
    <ClCompile Include="Src\Application\GameObject\Game_Back\Game_Back.cpp">
      <Filter>Src\Application\GameObject\Game_Back</Filter>
    </ClCompile>
    <ClCompile Include="Src\Application\GameObject\Result_Back\Result_Back.cpp">
      <Filter>Src\Application\GameObject\ResultBack</Filter>
    </ClCompile>
    <ClCompile Include="Src\Application\GameObject\ResultLogo\ResultLogo.cpp">
      <Filter>Src\Application\GameObject\Result_Logo</Filter>
    </ClCompile>
    <ClCompile Include="Src\Application\GameObject\UI\GoalUI\GoalUI.cpp">
      <Filter>Src\Application\GameObject\UI\GoalUI</Filter>
    </ClCompile>
    <ClCompile Include="Src\Application\GameObject\UI\NeedCardKeyUI\NeedCradKeyUI.cpp">
      <Filter>Src\Application\GameObject\UI\NeedCardKeuUI</Filter>
    </ClCompile>
    <ClCompile Include="Src\Application\GameObject\UI\SubMissionUI\SubMissionUI.cpp">
      <Filter>Src\Application\GameObject\UI\SubMissionUI</Filter>
    </ClCompile>
    <ClCompile Include="Src\Application\Scene\GameOverScene\GameOverScene.cpp">
      <Filter>Src\Application\Scene\GameOverScene</Filter>
    </ClCompile>
    <ClCompile Include="Src\Application\GameObject\UI\GameOver\MissionFailedBack\MissionFailedBack.cpp">
      <Filter>Src\Application\GameObject\UI\GameOver\MissionFailedBack</Filter>
    </ClCompile>
    <ClCompile Include="Src\Application\GameObject\UI\GameOver\GameOver_Back\GameOver_Back.cpp">
      <Filter>Src\Application\GameObject\UI\GameOver\GameOver_Back</Filter>
    </ClCompile>
    <ClCompile Include="Src\Application\GameObject\UI\GameOver\SelectTitle\SelectTitle.cpp">
      <Filter>Src\Application\GameObject\UI\GameOver\SelectTitle</Filter>
    </ClCompile>
    <ClCompile Include="Src\Application\GameObject\UI\GameOver\SelectRetry\SelectRetry.cpp">
      <Filter>Src\Application\GameObject\UI\GameOver\SelectRetry</Filter>
    </ClCompile>
    <ClCompile Include="Src\Application\GameObject\UI\MissionDisplayUI\MissionDisplayUI.cpp">
      <Filter>Src\Application\GameObject\UI\MissionDisplayUI</Filter>
    </ClCompile>
    <ClCompile Include="Src\Application\GameObject\Terrains\Building\Furniture\Bed\Bed.cpp">
      <Filter>Src\Application\GameObject\Terrains\Building\Furniture\Bed</Filter>
    </ClCompile>
  </ItemGroup>
  <ItemGroup>
    <None Include="Src\Framework\Shader\inc_KdCommon.hlsli">
      <Filter>Src\Framework\Shader</Filter>
    </None>
    <None Include="Src\Framework\Shader\SpriteShader\inc_KdSpriteShader.hlsli">
      <Filter>Src\Framework\Shader\SpriteShader</Filter>
    </None>
    <None Include="Src\Framework\Shader\PostProcessShader\inc_KdPostProcessShader.hlsli">
      <Filter>Src\Framework\Shader\PostProcessShader</Filter>
    </None>
    <None Include="Src\Framework\Shader\StandardShader\inc_KdStandardShader.hlsli">
      <Filter>Src\Framework\Shader\StandardShader</Filter>
    </None>
  </ItemGroup>
  <ItemGroup>
    <FxCompile Include="Src\Framework\Shader\SpriteShader\KdSpriteShader_PS.hlsl">
      <Filter>Src\Framework\Shader\SpriteShader</Filter>
    </FxCompile>
    <FxCompile Include="Src\Framework\Shader\SpriteShader\KdSpriteShader_VS.hlsl">
      <Filter>Src\Framework\Shader\SpriteShader</Filter>
    </FxCompile>
    <FxCompile Include="Src\Framework\Shader\PostProcessShader\KdPostProcessShader_PS_Blur.hlsl">
      <Filter>Src\Framework\Shader\PostProcessShader</Filter>
    </FxCompile>
    <FxCompile Include="Src\Framework\Shader\PostProcessShader\KdPostProcessShader_VS.hlsl">
      <Filter>Src\Framework\Shader\PostProcessShader</Filter>
    </FxCompile>
    <FxCompile Include="Src\Framework\Shader\PostProcessShader\KdPostProcessShader_PS_DoF.hlsl">
      <Filter>Src\Framework\Shader\PostProcessShader</Filter>
    </FxCompile>
    <FxCompile Include="Src\Framework\Shader\PostProcessShader\KdPostProcessShader_PS_Bright.hlsl">
      <Filter>Src\Framework\Shader\PostProcessShader</Filter>
    </FxCompile>
    <FxCompile Include="Src\Framework\Shader\StandardShader\KdStandardShader_PS_GenDepthMapFromLight.hlsl">
      <Filter>Src\Framework\Shader\StandardShader</Filter>
    </FxCompile>
    <FxCompile Include="Src\Framework\Shader\StandardShader\KdStandardShader_PS_Lit.hlsl">
      <Filter>Src\Framework\Shader\StandardShader</Filter>
    </FxCompile>
    <FxCompile Include="Src\Framework\Shader\StandardShader\KdStandardShader_PS_UnLit.hlsl">
      <Filter>Src\Framework\Shader\StandardShader</Filter>
    </FxCompile>
    <FxCompile Include="Src\Framework\Shader\StandardShader\KdStandardShader_VS_GenDepthMapFromLight.hlsl">
      <Filter>Src\Framework\Shader\StandardShader</Filter>
    </FxCompile>
    <FxCompile Include="Src\Framework\Shader\StandardShader\KdStandardShader_VS_Lit.hlsl">
      <Filter>Src\Framework\Shader\StandardShader</Filter>
    </FxCompile>
    <FxCompile Include="Src\Framework\Shader\StandardShader\KdStandardShader_VS_UnLit.hlsl">
      <Filter>Src\Framework\Shader\StandardShader</Filter>
    </FxCompile>
  </ItemGroup>
</Project>