<?xml version="1.0" encoding="utf-8"?>
<Project ToolsVersion="4.0" xmlns="http://schemas.microsoft.com/developer/msbuild/2003">
  <ItemGroup>
    <Filter Include="Library">
      <UniqueIdentifier>{d5173dcf-2786-4f98-bd55-d03549637dfe}</UniqueIdentifier>
    </Filter>
    <Filter Include="Src">
      <UniqueIdentifier>{80d0a5a9-6779-4863-bede-cc22a4986dc5}</UniqueIdentifier>
    </Filter>
    <Filter Include="Src\Framework">
      <UniqueIdentifier>{f5928314-3ee2-4e39-abfa-d93aa9ee5891}</UniqueIdentifier>
    </Filter>
    <Filter Include="Src\Framework\Direct3D">
      <UniqueIdentifier>{f193abd5-e51c-466e-a937-722bc9175e9a}</UniqueIdentifier>
    </Filter>
    <Filter Include="Src\Framework\Utility">
      <UniqueIdentifier>{f5d733b1-5031-4659-a9d4-0dd3add1e5fb}</UniqueIdentifier>
    </Filter>
    <Filter Include="Src\Framework\Window">
      <UniqueIdentifier>{cb022f2a-c5a2-449b-9b70-5110aff8550f}</UniqueIdentifier>
    </Filter>
    <Filter Include="Library\tinygltf">
      <UniqueIdentifier>{307bfbcd-124f-4ad7-85f5-3fd94f814b1f}</UniqueIdentifier>
    </Filter>
    <Filter Include="Src\Framework\Shader">
      <UniqueIdentifier>{93543c0c-58fe-4a94-8279-7be3021b65b1}</UniqueIdentifier>
    </Filter>
    <Filter Include="Src\Framework\Shader\SpriteShader">
      <UniqueIdentifier>{2da4d471-f4e8-4b2d-bdef-b93f91523b8b}</UniqueIdentifier>
    </Filter>
    <Filter Include="Src\Application">
      <UniqueIdentifier>{d0d0f9cf-dabd-4346-bc9a-d9c04cf42372}</UniqueIdentifier>
    </Filter>
    <Filter Include="Src\Framework\Math">
      <UniqueIdentifier>{04f33e76-24f0-4a58-9355-5770b3f6f9c6}</UniqueIdentifier>
    </Filter>
    <Filter Include="Src\Framework\Audio">
      <UniqueIdentifier>{2a0de30f-d7e8-4517-a9a1-20de6e434592}</UniqueIdentifier>
    </Filter>
    <Filter Include="Src\Framework\Shader\PostProcessShader">
      <UniqueIdentifier>{bfef98c3-f0b2-41b1-b813-6f298072287b}</UniqueIdentifier>
    </Filter>
    <Filter Include="Src\Framework\GameObject">
      <UniqueIdentifier>{d45ba257-913b-44e3-a012-888d7b6f2b68}</UniqueIdentifier>
    </Filter>
    <Filter Include="Src\Framework\Input">
      <UniqueIdentifier>{9bd33b87-53db-4bc0-b98d-80db98f4ba9b}</UniqueIdentifier>
    </Filter>
    <Filter Include="Src\Framework\Direct3D\Polygon">
      <UniqueIdentifier>{b91bce2d-4487-485a-a855-b2bb6ce0d30b}</UniqueIdentifier>
    </Filter>
    <Filter Include="Src\Framework\Shader\StandardShader">
      <UniqueIdentifier>{857913be-4481-4606-9719-87518d4a6aeb}</UniqueIdentifier>
    </Filter>
    <Filter Include="Src\Framework\Effekseer">
      <UniqueIdentifier>{c81b93e4-2f33-496a-985e-98658f1cec51}</UniqueIdentifier>
    </Filter>
    <Filter Include="Src\Application\Scene">
      <UniqueIdentifier>{da9235ec-08f1-4792-b71d-c58634fffb0f}</UniqueIdentifier>
    </Filter>
    <Filter Include="Src\Application\Scene\BaseScene">
      <UniqueIdentifier>{4a92479c-59c1-425c-bddf-335a143a7dd6}</UniqueIdentifier>
    </Filter>
    <Filter Include="Src\Application\Scene\TitleScene">
      <UniqueIdentifier>{d7ac0f8a-d355-4bcf-8801-9f5c06ab1e33}</UniqueIdentifier>
    </Filter>
    <Filter Include="Src\Application\Scene\GameScene">
      <UniqueIdentifier>{15b4a73e-7369-4959-bb49-4b163a24b7b5}</UniqueIdentifier>
    </Filter>
    <Filter Include="Library\imgui">
      <UniqueIdentifier>{4a041644-8c5d-42b5-9683-f28b8c790f4f}</UniqueIdentifier>
    </Filter>
    <Filter Include="Src\Application\GameObject">
      <UniqueIdentifier>{c8eeed44-235a-4eda-9689-532350b60789}</UniqueIdentifier>
    </Filter>
    <Filter Include="Src\Application\GameObject\Camera">
      <UniqueIdentifier>{781882e7-a4ba-44ae-b14e-75844a3802df}</UniqueIdentifier>
    </Filter>
    <Filter Include="Src\Application\GameObject\Camera\FPSCamera">
      <UniqueIdentifier>{cab66d5f-b9d3-40bd-ae9d-57120eb6c79c}</UniqueIdentifier>
    </Filter>
    <Filter Include="Src\Application\GameObject\Camera\TPSCamera">
      <UniqueIdentifier>{c8cf7720-4d00-4c0b-a1cf-bc64280b295f}</UniqueIdentifier>
    </Filter>
    <Filter Include="Src\Application\GameObject\Terrains">
      <UniqueIdentifier>{233e043b-10da-43e5-8875-4663a3698447}</UniqueIdentifier>
    </Filter>
    <Filter Include="Src\Application\GameObject\Terrains\Ground">
      <UniqueIdentifier>{08ba074e-2347-4e86-9a72-6df36349082f}</UniqueIdentifier>
    </Filter>
    <Filter Include="Src\Application\GameObject\Characters">
      <UniqueIdentifier>{fd231edd-a7a6-4886-a9ee-00972e45e575}</UniqueIdentifier>
    </Filter>
    <Filter Include="Src\Application\GameObject\Characters\Player">
      <UniqueIdentifier>{c9f2517f-0e03-43b1-9d11-9b04c4bd9483}</UniqueIdentifier>
    </Filter>
    <Filter Include="Src\Application\GameObject\Weapon">
      <UniqueIdentifier>{1e091458-ae0d-4eea-8714-8610cdef373b}</UniqueIdentifier>
    </Filter>
    <Filter Include="Src\Application\GameObject\Weapon\Pistol">
      <UniqueIdentifier>{e7c03c77-4549-4a83-8626-926307d37587}</UniqueIdentifier>
    </Filter>
    <Filter Include="Src\Application\GameObject\Weapon\AssaultRifle">
      <UniqueIdentifier>{cabdeb6d-9084-407c-9fc1-96ab52f27739}</UniqueIdentifier>
    </Filter>
    <Filter Include="Src\Application\GameObject\Weapon\WeaponBase">
      <UniqueIdentifier>{bf6486fb-aea0-444d-8fd4-9e4202e7c1a4}</UniqueIdentifier>
    </Filter>
    <Filter Include="Src\Application\GameObject\UI">
      <UniqueIdentifier>{b1a0e723-6bca-41d6-b04b-6fc3a14ebb20}</UniqueIdentifier>
    </Filter>
    <Filter Include="Src\Application\GameObject\Characters\Enemy">
      <UniqueIdentifier>{52008709-6ced-4e4e-a76c-1e772e6b5e82}</UniqueIdentifier>
    </Filter>
    <Filter Include="Src\Application\System">
      <UniqueIdentifier>{7b80a337-8066-4e62-a15e-bf10395ab99a}</UniqueIdentifier>
    </Filter>
    <Filter Include="Src\Application\System\Navigation">
      <UniqueIdentifier>{f8ae1230-27bf-402d-884e-5751530531a5}</UniqueIdentifier>
    </Filter>
    <Filter Include="Src\Application\System\Navigation\AStarNode">
      <UniqueIdentifier>{68127d9a-22b0-491a-aadd-ba4902f9ba94}</UniqueIdentifier>
    </Filter>
    <Filter Include="Src\Application\System\Navigation\AstarGrid">
      <UniqueIdentifier>{a20b061a-0e08-4438-a015-4224499cc6ba}</UniqueIdentifier>
    </Filter>
    <Filter Include="Src\Application\System\Navigation\PathFinding">
      <UniqueIdentifier>{d99e36c2-b2ee-4d0b-96c4-581bb9b52adf}</UniqueIdentifier>
    </Filter>
    <Filter Include="Src\Application\GameObject\UI\Reticle">
      <UniqueIdentifier>{998b635e-3d42-40be-b323-faba2452b08a}</UniqueIdentifier>
    </Filter>
    <Filter Include="Src\Application\GameObject\Terrains\Building">
      <UniqueIdentifier>{dac35c0d-0c59-4d2e-9d23-fe03eae1cb71}</UniqueIdentifier>
    </Filter>
    <Filter Include="Src\Application\GameObject\Sky">
      <UniqueIdentifier>{b3918912-3a2c-4733-874f-c2ab7e49fb93}</UniqueIdentifier>
    </Filter>
    <Filter Include="Src\Application\GameObject\Terrains\Building\Building_Main">
      <UniqueIdentifier>{77b4a881-0325-48c9-a6f0-7fac7d1074be}</UniqueIdentifier>
    </Filter>
    <Filter Include="Src\Application\GameObject\Terrains\Building\Building_Roof">
      <UniqueIdentifier>{5c2cb618-4ff1-4614-b3ef-5ed414bae855}</UniqueIdentifier>
    </Filter>
    <Filter Include="Src\Application\GameObject\Weapon\Pistol\Pistol_Disarm">
      <UniqueIdentifier>{b6e915f3-3d4d-4c1a-847f-8e52cbf0f06f}</UniqueIdentifier>
    </Filter>
    <Filter Include="Src\Application\GameObject\Weapon\Pistol\Pistol_Ready">
      <UniqueIdentifier>{5fa487ef-57d6-4f74-9d8c-b3f0acd02e92}</UniqueIdentifier>
    </Filter>
    <Filter Include="Src\Application\GameObject\UI\CardKeyUI">
      <UniqueIdentifier>{9b99203c-6151-4bbf-b709-7137ad67cf59}</UniqueIdentifier>
    </Filter>
    <Filter Include="Src\Application\GameObject\UI\CollectCardKeyUI">
      <UniqueIdentifier>{227538d1-6a73-409a-bea3-8abca7f87e4f}</UniqueIdentifier>
    </Filter>
    <Filter Include="Src\Application\GameObject\Goal">
      <UniqueIdentifier>{b3995903-5f08-4d66-aff7-45da907c29d5}</UniqueIdentifier>
    </Filter>
    <Filter Include="Src\Application\Scene\ResultScene">
      <UniqueIdentifier>{1f1d78ab-3148-4d59-aca2-68b8c554bcaf}</UniqueIdentifier>
    </Filter>
    <Filter Include="Src\Application\GameObject\Gimmicks">
      <UniqueIdentifier>{7bb74442-d81a-4052-93c8-f39a01e06414}</UniqueIdentifier>
    </Filter>
    <Filter Include="Src\Application\GameObject\Gimmicks\Door">
      <UniqueIdentifier>{e236e1b8-cdcd-4b2d-81a4-32701800159a}</UniqueIdentifier>
    </Filter>
    <Filter Include="Src\Application\GameObject\Item">
      <UniqueIdentifier>{698bf66c-e71b-452e-b8ad-934dc5ad1f7e}</UniqueIdentifier>
    </Filter>
    <Filter Include="Src\Application\GameObject\Item\SecretFile">
      <UniqueIdentifier>{5e9e1dd4-c080-49d4-8194-e51776f71850}</UniqueIdentifier>
    </Filter>
    <Filter Include="Src\Application\GameObject\Item\CardKey">
      <UniqueIdentifier>{77bc27f1-9949-4141-abd0-09bba54665e1}</UniqueIdentifier>
    </Filter>
    <Filter Include="Src\Application\GameObject\Gimmicks\LockedDoor">
      <UniqueIdentifier>{7fd7f023-6a96-4481-bc9c-bd3a0a8d4d2e}</UniqueIdentifier>
    </Filter>
    <Filter Include="Src\Application\GameObject\UI\SecretFileUI">
      <UniqueIdentifier>{9438c10f-89df-4bd9-96c6-072faaaeae79}</UniqueIdentifier>
    </Filter>
    <Filter Include="Src\Application\GameObject\UI\PadKeyUI">
      <UniqueIdentifier>{a6456d56-137f-428c-8eb9-480b8fd58552}</UniqueIdentifier>
    </Filter>
    <Filter Include="Src\Application\GameObject\Characters\Player\Player_Disarm">
      <UniqueIdentifier>{159d0ad7-f6ea-44cc-910e-af5590db5771}</UniqueIdentifier>
    </Filter>
    <Filter Include="Src\Application\GameObject\Characters\Player\Player_Disarm_Pistol">
      <UniqueIdentifier>{6e8e69a3-38f3-46f8-b07d-3b31998c1211}</UniqueIdentifier>
    </Filter>
    <Filter Include="Src\Application\GameObject\Characters\Player\Player_Ready_Pistol">
      <UniqueIdentifier>{5f55ec43-df29-42af-a446-09a3e657193a}</UniqueIdentifier>
    </Filter>
    <Filter Include="Src\Application\GameObject\Characters\Player\Player_UpperBody">
      <UniqueIdentifier>{38e0443d-6e27-4dfb-a8d1-a307ca75346d}</UniqueIdentifier>
    </Filter>
    <Filter Include="Src\Application\GameObject\Characters\Player\Player_LowerBody">
      <UniqueIdentifier>{cb241560-2e5a-4635-8191-58db70ecfc40}</UniqueIdentifier>
    </Filter>
    <Filter Include="Src\Application\GameObject\Terrains\ArmoredCar">
      <UniqueIdentifier>{4949158f-4bb4-4588-9f2a-07714bf6def0}</UniqueIdentifier>
    </Filter>
    <Filter Include="Src\Application\GameObject\Terrains\Ground\Ground_UP">
      <UniqueIdentifier>{fbc4b43e-491a-4e85-a971-22160c419f28}</UniqueIdentifier>
    </Filter>
    <Filter Include="Src\Application\GameObject\Terrains\Ground\Ground_Bottom">
      <UniqueIdentifier>{0f42faf6-74ef-4a3a-ac49-9e0bfabde2ef}</UniqueIdentifier>
    </Filter>
  </ItemGroup>
  <ItemGroup>
    <ClInclude Include="src\Pch.h">
      <Filter>Src</Filter>
    </ClInclude>
    <ClInclude Include="..\Library\tinygltf\json.hpp">
      <Filter>Library\tinygltf</Filter>
    </ClInclude>
    <ClInclude Include="..\Library\tinygltf\stb_image.h">
      <Filter>Library\tinygltf</Filter>
    </ClInclude>
    <ClInclude Include="..\Library\tinygltf\stb_image_write.h">
      <Filter>Library\tinygltf</Filter>
    </ClInclude>
    <ClInclude Include="..\Library\tinygltf\tiny_gltf.h">
      <Filter>Library\tinygltf</Filter>
    </ClInclude>
    <ClInclude Include="Src\Application\main.h">
      <Filter>Src\Application</Filter>
    </ClInclude>
    <ClInclude Include="src\Framework\Direct3D\KdDirect3D.h">
      <Filter>Src\Framework\Direct3D</Filter>
    </ClInclude>
    <ClInclude Include="src\Framework\Direct3D\KdTexture.h">
      <Filter>Src\Framework\Direct3D</Filter>
    </ClInclude>
    <ClInclude Include="src\Framework\Direct3D\KdBuffer.h">
      <Filter>Src\Framework\Direct3D</Filter>
    </ClInclude>
    <ClInclude Include="Src\Framework\Direct3D\KdGLTFLoader.h">
      <Filter>Src\Framework\Direct3D</Filter>
    </ClInclude>
    <ClInclude Include="Src\Framework\Shader\KdShaderManager.h">
      <Filter>Src\Framework\Shader</Filter>
    </ClInclude>
    <ClInclude Include="Src\Framework\Shader\SpriteShader\KdSpriteShader.h">
      <Filter>Src\Framework\Shader\SpriteShader</Filter>
    </ClInclude>
    <ClInclude Include="src\Framework\Utility\KdUtility.h">
      <Filter>Src\Framework\Utility</Filter>
    </ClInclude>
    <ClInclude Include="src\Framework\KdFramework.h">
      <Filter>Src\Framework</Filter>
    </ClInclude>
    <ClInclude Include="..\Library\strconv.h">
      <Filter>Library</Filter>
    </ClInclude>
    <ClInclude Include="src\Framework\Window\KdWindow.h">
      <Filter>Src\Framework\Window</Filter>
    </ClInclude>
    <ClInclude Include="src\Framework\Direct3D\KdMesh.h">
      <Filter>Src\Framework\Direct3D</Filter>
    </ClInclude>
    <ClInclude Include="Src\Framework\Direct3D\KdModel.h">
      <Filter>Src\Framework\Direct3D</Filter>
    </ClInclude>
    <ClInclude Include="Src\Framework\Math\KdCollision.h">
      <Filter>Src\Framework\Math</Filter>
    </ClInclude>
    <ClInclude Include="Src\Framework\Math\KdAnimation.h">
      <Filter>Src\Framework\Math</Filter>
    </ClInclude>
    <ClInclude Include="Src\Framework\Audio\KdAudio.h">
      <Filter>Src\Framework\Audio</Filter>
    </ClInclude>
    <ClInclude Include="Src\Framework\Direct3D\KdCamera.h">
      <Filter>Src\Framework\Direct3D</Filter>
    </ClInclude>
    <ClInclude Include="Src\Framework\Shader\PostProcessShader\KdPostProcessShader.h">
      <Filter>Src\Framework\Shader\PostProcessShader</Filter>
    </ClInclude>
    <ClInclude Include="Src\Framework\Math\KdCollider.h">
      <Filter>Src\Framework\Math</Filter>
    </ClInclude>
    <ClInclude Include="Src\Framework\Math\KdEasing.h">
      <Filter>Src\Framework\Math</Filter>
    </ClInclude>
    <ClInclude Include="Src\Framework\GameObject\KdGameObject.h">
      <Filter>Src\Framework\GameObject</Filter>
    </ClInclude>
    <ClInclude Include="Src\Framework\GameObject\KdGameObjectFactory.h">
      <Filter>Src\Framework\GameObject</Filter>
    </ClInclude>
    <ClInclude Include="Src\Framework\Input\KdInput.h">
      <Filter>Src\Framework\Input</Filter>
    </ClInclude>
    <ClInclude Include="Src\Framework\Utility\KdCSVData.h">
      <Filter>Src\Framework\Utility</Filter>
    </ClInclude>
    <ClInclude Include="Src\Framework\Direct3D\Polygon\KdPolygon.h">
      <Filter>Src\Framework\Direct3D\Polygon</Filter>
    </ClInclude>
    <ClInclude Include="Src\Framework\Direct3D\Polygon\KdSquarePolygon.h">
      <Filter>Src\Framework\Direct3D\Polygon</Filter>
    </ClInclude>
    <ClInclude Include="Src\Framework\Direct3D\Polygon\KdTrailPolygon.h">
      <Filter>Src\Framework\Direct3D\Polygon</Filter>
    </ClInclude>
    <ClInclude Include="Src\Framework\Direct3D\KdMaterial.h">
      <Filter>Src\Framework\Direct3D</Filter>
    </ClInclude>
    <ClInclude Include="Src\Framework\Utility\KdDataStorage.h">
      <Filter>Src\Framework\Utility</Filter>
    </ClInclude>
    <ClInclude Include="Src\Framework\Shader\KdAmbientController.h">
      <Filter>Src\Framework\Shader</Filter>
    </ClInclude>
    <ClInclude Include="Src\Framework\Math\KdUVAnimation.h">
      <Filter>Src\Framework\Math</Filter>
    </ClInclude>
    <ClInclude Include="Src\Framework\Shader\KdRenderTargetChange.h">
      <Filter>Src\Framework\Shader</Filter>
    </ClInclude>
    <ClInclude Include="Src\Framework\Utility\KdFPSController.h">
      <Filter>Src\Framework\Utility</Filter>
    </ClInclude>
    <ClInclude Include="Src\Framework\Utility\KdDebugWireFrame.h">
      <Filter>Src\Framework\Utility</Filter>
    </ClInclude>
    <ClInclude Include="Src\Framework\Shader\StandardShader\KdStandardShader.h">
      <Filter>Src\Framework\Shader\StandardShader</Filter>
    </ClInclude>
    <ClInclude Include="Src\Framework\Effekseer\KdEffekseerManager.h">
      <Filter>Src\Framework\Effekseer</Filter>
    </ClInclude>
    <ClInclude Include="Src\Application\Scene\SceneManager.h">
      <Filter>Src\Application\Scene</Filter>
    </ClInclude>
    <ClInclude Include="Src\Application\Scene\BaseScene\BaseScene.h">
      <Filter>Src\Application\Scene\BaseScene</Filter>
    </ClInclude>
    <ClInclude Include="Src\Application\Scene\GameScene\GameScene.h">
      <Filter>Src\Application\Scene\GameScene</Filter>
    </ClInclude>
    <ClInclude Include="Src\Application\Scene\TitleScene\TitleScene.h">
      <Filter>Src\Application\Scene\TitleScene</Filter>
    </ClInclude>
    <ClInclude Include="..\Library\imgui\imconfig.h">
      <Filter>Library\imgui</Filter>
    </ClInclude>
    <ClInclude Include="..\Library\imgui\imgui.h">
      <Filter>Library\imgui</Filter>
    </ClInclude>
    <ClInclude Include="..\Library\imgui\imgui_impl_dx11.h">
      <Filter>Library\imgui</Filter>
    </ClInclude>
    <ClInclude Include="..\Library\imgui\imgui_impl_win32.h">
      <Filter>Library\imgui</Filter>
    </ClInclude>
    <ClInclude Include="..\Library\imgui\imgui_internal.h">
      <Filter>Library\imgui</Filter>
    </ClInclude>
    <ClInclude Include="..\Library\imgui\imstb_rectpack.h">
      <Filter>Library\imgui</Filter>
    </ClInclude>
    <ClInclude Include="..\Library\imgui\imstb_textedit.h">
      <Filter>Library\imgui</Filter>
    </ClInclude>
    <ClInclude Include="..\Library\imgui\imstb_truetype.h">
      <Filter>Library\imgui</Filter>
    </ClInclude>
    <ClInclude Include="..\Library\imgui\imgui_stdlib.h">
      <Filter>Library\imgui</Filter>
    </ClInclude>
    <ClInclude Include="..\Library\imgui\ja_glyph_ranges.h">
      <Filter>Library\imgui</Filter>
    </ClInclude>
    <ClInclude Include="Src\Application\GameObject\Camera\CameraBase.h">
      <Filter>Src\Application\GameObject\Camera</Filter>
    </ClInclude>
    <ClInclude Include="Src\Application\GameObject\Camera\TPSCamera\TPSCamera.h">
      <Filter>Src\Application\GameObject\Camera\TPSCamera</Filter>
    </ClInclude>
    <ClInclude Include="Src\Application\GameObject\Camera\FPSCamera\FPSCamera.h">
      <Filter>Src\Application\GameObject\Camera\FPSCamera</Filter>
    </ClInclude>
    <ClInclude Include="Src\Application\GameObject\Characters\CharaBase.h">
      <Filter>Src\Application\GameObject\Characters</Filter>
    </ClInclude>
    <ClInclude Include="Src\Application\GameObject\Terrains\TerrainBase.h">
      <Filter>Src\Application\GameObject\Terrains</Filter>
    </ClInclude>
    <ClInclude Include="Src\Application\GameObject\Characters\Player\Player.h">
      <Filter>Src\Application\GameObject\Characters\Player</Filter>
    </ClInclude>
    <ClInclude Include="Src\Application\GameObject\Terrains\Ground\Ground.h">
      <Filter>Src\Application\GameObject\Terrains\Ground</Filter>
    </ClInclude>
    <ClInclude Include="Src\Application\GameObject\Weapon\AssaultRifle\AssaultRifle.h">
      <Filter>Src\Application\GameObject\Weapon\AssaultRifle</Filter>
    </ClInclude>
    <ClInclude Include="Src\Application\GameObject\Weapon\WeaponBase\WeaponBase.h">
      <Filter>Src\Application\GameObject\Weapon\WeaponBase</Filter>
    </ClInclude>
    <ClInclude Include="Src\Application\GameObject\UI\UIBase.h">
      <Filter>Src\Application\GameObject\UI</Filter>
    </ClInclude>
    <ClInclude Include="Src\Application\GameObject\Characters\Enemy\Enemy.h">
      <Filter>Src\Application\GameObject\Characters\Enemy</Filter>
    </ClInclude>
    <ClInclude Include="Src\Application\GameObject\Bullet\Bullet.h">
      <Filter>Src\Application\GameObject</Filter>
    </ClInclude>
    <ClInclude Include="Src\Application\System\Navigation\AstarNode\AstarNode.h">
      <Filter>Src\Application\System\Navigation\AStarNode</Filter>
    </ClInclude>
    <ClInclude Include="Src\Application\System\Navigation\AstarGrid\AstarGrid.h">
      <Filter>Src\Application\System\Navigation\AstarGrid</Filter>
    </ClInclude>
    <ClInclude Include="Src\Application\System\Navigation\PathFinding\PathFinding.h">
      <Filter>Src\Application\System\Navigation\PathFinding</Filter>
    </ClInclude>
    <ClInclude Include="Src\Application\GameObject\UI\Reticle\Reticle.h">
      <Filter>Src\Application\GameObject\UI\Reticle</Filter>
    </ClInclude>
    <ClInclude Include="Src\Application\GameObject\Terrains\Building\Building.h">
      <Filter>Src\Application\GameObject\Terrains\Building</Filter>
    </ClInclude>
    <ClInclude Include="Src\Application\GameObject\Sky\Sky.h">
      <Filter>Src\Application\GameObject\Sky</Filter>
    </ClInclude>
    <ClInclude Include="Src\Application\GameObject\Terrains\Building\Building_Main\Building_Main.h">
      <Filter>Src\Application\GameObject\Terrains\Building\Building_Main</Filter>
    </ClInclude>
    <ClInclude Include="Src\Application\GameObject\Terrains\Building\Building_Roof\Building_Roof.h">
      <Filter>Src\Application\GameObject\Terrains\Building\Building_Roof</Filter>
    </ClInclude>
    <ClInclude Include="Src\Application\GameObject\Weapon\Pistol\Pistol_Disarm\Pistol_Disarm.h">
      <Filter>Src\Application\GameObject\Weapon\Pistol\Pistol_Disarm</Filter>
    </ClInclude>
    <ClInclude Include="Src\Application\GameObject\Weapon\Pistol\Pistol_Ready\Pistol_Ready.h">
      <Filter>Src\Application\GameObject\Weapon\Pistol\Pistol_Ready</Filter>
    </ClInclude>
    <ClInclude Include="Src\Application\GameObject\UI\CardKeyUI\CardKeyUI.h">
      <Filter>Src\Application\GameObject\UI\CardKeyUI</Filter>
    </ClInclude>
    <ClInclude Include="Src\Application\GameObject\Goal\Goal.h">
      <Filter>Src\Application\GameObject\Goal</Filter>
    </ClInclude>
    <ClInclude Include="Src\Application\Scene\ResultScene\ResultScene.h">
      <Filter>Src\Application\Scene\ResultScene</Filter>
    </ClInclude>
    <ClInclude Include="Src\Application\GameObject\Gimmicks\Door\Door_1.h">
      <Filter>Src\Application\GameObject\Gimmicks\Door</Filter>
    </ClInclude>
    <ClInclude Include="Src\Application\GameObject\Item\CardKey\CardKey.h">
      <Filter>Src\Application\GameObject\Item\CardKey</Filter>
    </ClInclude>
    <ClInclude Include="Src\Application\GameObject\Item\SecretFile\SecretFile.h">
      <Filter>Src\Application\GameObject\Item\SecretFile</Filter>
    </ClInclude>
    <ClInclude Include="Src\Application\GameObject\Item\ItemBase.h">
      <Filter>Src\Application\GameObject\Item</Filter>
    </ClInclude>
    <ClInclude Include="Src\Application\GameObject\Gimmicks\LockedDoor\LockedDoor.h">
      <Filter>Src\Application\GameObject\Gimmicks\LockedDoor</Filter>
    </ClInclude>
    <ClInclude Include="Src\Application\GameObject\Gimmicks\Door\Door_2.h">
      <Filter>Src\Application\GameObject\Gimmicks\Door</Filter>
    </ClInclude>
    <ClInclude Include="Src\Application\GameObject\Gimmicks\Door\Door_3.h">
      <Filter>Src\Application\GameObject\Gimmicks\Door</Filter>
    </ClInclude>
    <ClInclude Include="Src\Application\GameObject\UI\SecretFileUI\SecretFileUI.h">
      <Filter>Src\Application\GameObject\UI\SecretFileUI</Filter>
    </ClInclude>
    <ClInclude Include="Src\Application\GameObject\UI\PadKeyUI\PadKeyUI.h">
      <Filter>Src\Application\GameObject\UI\PadKeyUI</Filter>
    </ClInclude>
    <ClInclude Include="Src\Application\GameObject\Characters\Player\Player_Disarm\Player_Disarm.h">
      <Filter>Src\Application\GameObject\Characters\Player\Player_Disarm</Filter>
    </ClInclude>
    <ClInclude Include="Src\Application\GameObject\Characters\Player\Player_Disarm_Pistol\Player_Disarm_Pistol.h">
      <Filter>Src\Application\GameObject\Characters\Player\Player_Disarm_Pistol</Filter>
    </ClInclude>
    <ClInclude Include="Src\Application\GameObject\Characters\Player\Player_Ready_Pistol\Player_Ready_Pistol.h">
      <Filter>Src\Application\GameObject\Characters\Player\Player_Ready_Pistol</Filter>
    </ClInclude>
    <ClInclude Include="Src\Application\GameObject\Characters\Player\Player_UpperBody\Player_UpperBody.h">
      <Filter>Src\Application\GameObject\Characters\Player\Player_UpperBody</Filter>
    </ClInclude>
    <ClInclude Include="Src\Application\GameObject\Characters\Player\Player_LowerBody\Player_LowerBody.h">
      <Filter>Src\Application\GameObject\Characters\Player\Player_LowerBody</Filter>
    </ClInclude>
    <ClInclude Include="Src\Application\GameObject\Terrains\ArmoredCar\ArmoredCar.h">
      <Filter>Src\Application\GameObject\Terrains\ArmoredCar</Filter>
    </ClInclude>
    <ClInclude Include="Src\Application\GameObject\Terrains\Ground\Ground_Bottom\Ground_Bottom.h">
      <Filter>Src\Application\GameObject\Terrains\Ground\Ground_Bottom</Filter>
    </ClInclude>
    <ClInclude Include="Src\Application\GameObject\Terrains\Ground\Ground_UP\Ground_UP.h">
      <Filter>Src\Application\GameObject\Terrains\Ground\Ground_UP</Filter>
    </ClInclude>
  </ItemGroup>
  <ItemGroup>
    <ClCompile Include="src\Pch.cpp">
      <Filter>Src</Filter>
    </ClCompile>
    <ClCompile Include="Src\Application\main.cpp">
      <Filter>Src\Application</Filter>
    </ClCompile>
    <ClCompile Include="src\Framework\Direct3D\KdDirect3D.cpp">
      <Filter>Src\Framework\Direct3D</Filter>
    </ClCompile>
    <ClCompile Include="src\Framework\Direct3D\KdTexture.cpp">
      <Filter>Src\Framework\Direct3D</Filter>
    </ClCompile>
    <ClCompile Include="src\Framework\Direct3D\KdBuffer.cpp">
      <Filter>Src\Framework\Direct3D</Filter>
    </ClCompile>
    <ClCompile Include="Src\Framework\Direct3D\KdGLTFLoader.cpp">
      <Filter>Src\Framework\Direct3D</Filter>
    </ClCompile>
    <ClCompile Include="Src\Framework\Shader\KdShaderManager.cpp">
      <Filter>Src\Framework\Shader</Filter>
    </ClCompile>
    <ClCompile Include="Src\Framework\Shader\SpriteShader\KdSpriteShader.cpp">
      <Filter>Src\Framework\Shader\SpriteShader</Filter>
    </ClCompile>
    <ClCompile Include="src\Framework\Window\KdWindow.cpp">
      <Filter>Src\Framework\Window</Filter>
    </ClCompile>
    <ClCompile Include="Src\Framework\Utility\KdUtility.cpp">
      <Filter>Src\Framework\Utility</Filter>
    </ClCompile>
    <ClCompile Include="src\Framework\Direct3D\KdMesh.cpp">
      <Filter>Src\Framework\Direct3D</Filter>
    </ClCompile>
    <ClCompile Include="Src\Framework\Direct3D\KdModel.cpp">
      <Filter>Src\Framework\Direct3D</Filter>
    </ClCompile>
    <ClCompile Include="Src\Framework\Math\KdCollision.cpp">
      <Filter>Src\Framework\Math</Filter>
    </ClCompile>
    <ClCompile Include="Src\Framework\Math\KdAnimation.cpp">
      <Filter>Src\Framework\Math</Filter>
    </ClCompile>
    <ClCompile Include="Src\Framework\Audio\KdAudio.cpp">
      <Filter>Src\Framework\Audio</Filter>
    </ClCompile>
    <ClCompile Include="Src\Framework\Direct3D\KdCamera.cpp">
      <Filter>Src\Framework\Direct3D</Filter>
    </ClCompile>
    <ClCompile Include="Src\Framework\Shader\PostProcessShader\KdPostProcessShader.cpp">
      <Filter>Src\Framework\Shader\PostProcessShader</Filter>
    </ClCompile>
    <ClCompile Include="Src\Framework\Math\KdCollider.cpp">
      <Filter>Src\Framework\Math</Filter>
    </ClCompile>
    <ClCompile Include="Src\Framework\Math\KdEasing.cpp">
      <Filter>Src\Framework\Math</Filter>
    </ClCompile>
    <ClCompile Include="Src\Framework\GameObject\KdGameObject.cpp">
      <Filter>Src\Framework\GameObject</Filter>
    </ClCompile>
    <ClCompile Include="Src\Framework\GameObject\KdGameObjectFactory.cpp">
      <Filter>Src\Framework\GameObject</Filter>
    </ClCompile>
    <ClCompile Include="Src\Framework\Input\KdInput.cpp">
      <Filter>Src\Framework\Input</Filter>
    </ClCompile>
    <ClCompile Include="Src\Framework\Utility\KdCSVData.cpp">
      <Filter>Src\Framework\Utility</Filter>
    </ClCompile>
    <ClCompile Include="Src\Framework\Direct3D\Polygon\KdSquarePolygon.cpp">
      <Filter>Src\Framework\Direct3D\Polygon</Filter>
    </ClCompile>
    <ClCompile Include="Src\Framework\Direct3D\Polygon\KdTrailPolygon.cpp">
      <Filter>Src\Framework\Direct3D\Polygon</Filter>
    </ClCompile>
    <ClCompile Include="Src\Framework\Direct3D\KdMaterial.cpp">
      <Filter>Src\Framework\Direct3D</Filter>
    </ClCompile>
    <ClCompile Include="Src\Framework\Direct3D\Polygon\KdPolygon.cpp">
      <Filter>Src\Framework\Direct3D\Polygon</Filter>
    </ClCompile>
    <ClCompile Include="Src\Framework\Shader\KdAmbientController.cpp">
      <Filter>Src\Framework\Shader</Filter>
    </ClCompile>
    <ClCompile Include="Src\Framework\Math\KdUVAnimation.cpp">
      <Filter>Src\Framework\Math</Filter>
    </ClCompile>
    <ClCompile Include="Src\Framework\Shader\KdRenderTargetChange.cpp">
      <Filter>Src\Framework\Shader</Filter>
    </ClCompile>
    <ClCompile Include="Src\Framework\Utility\KdFPSController.cpp">
      <Filter>Src\Framework\Utility</Filter>
    </ClCompile>
    <ClCompile Include="Src\Framework\Utility\KdDebugWireFrame.cpp">
      <Filter>Src\Framework\Utility</Filter>
    </ClCompile>
    <ClCompile Include="Src\Framework\Shader\StandardShader\KdStandardShader.cpp">
      <Filter>Src\Framework\Shader\StandardShader</Filter>
    </ClCompile>
    <ClCompile Include="Src\Framework\Effekseer\KdEffekseerManager.cpp">
      <Filter>Src\Framework\Effekseer</Filter>
    </ClCompile>
    <ClCompile Include="Src\Application\Scene\SceneManager.cpp">
      <Filter>Src\Application\Scene</Filter>
    </ClCompile>
    <ClCompile Include="Src\Application\Scene\BaseScene\BaseScene.cpp">
      <Filter>Src\Application\Scene\BaseScene</Filter>
    </ClCompile>
    <ClCompile Include="Src\Application\Scene\GameScene\GameScene.cpp">
      <Filter>Src\Application\Scene\GameScene</Filter>
    </ClCompile>
    <ClCompile Include="Src\Application\Scene\TitleScene\TitleScene.cpp">
      <Filter>Src\Application\Scene\TitleScene</Filter>
    </ClCompile>
    <ClCompile Include="..\Library\imgui\imgui.cpp">
      <Filter>Library\imgui</Filter>
    </ClCompile>
    <ClCompile Include="..\Library\imgui\imgui_demo.cpp">
      <Filter>Library\imgui</Filter>
    </ClCompile>
    <ClCompile Include="..\Library\imgui\imgui_draw.cpp">
      <Filter>Library\imgui</Filter>
    </ClCompile>
    <ClCompile Include="..\Library\imgui\imgui_impl_dx11.cpp">
      <Filter>Library\imgui</Filter>
    </ClCompile>
    <ClCompile Include="..\Library\imgui\imgui_impl_win32.cpp">
      <Filter>Library\imgui</Filter>
    </ClCompile>
    <ClCompile Include="..\Library\imgui\imgui_tables.cpp">
      <Filter>Library\imgui</Filter>
    </ClCompile>
    <ClCompile Include="..\Library\imgui\imgui_widgets.cpp">
      <Filter>Library\imgui</Filter>
    </ClCompile>
    <ClCompile Include="..\Library\imgui\imgui_stdlib.cpp">
      <Filter>Library\imgui</Filter>
    </ClCompile>
    <ClCompile Include="Src\Application\GameObject\Camera\CameraBase.cpp">
      <Filter>Src\Application\GameObject\Camera</Filter>
    </ClCompile>
    <ClCompile Include="Src\Application\GameObject\Camera\TPSCamera\TPSCamera.cpp">
      <Filter>Src\Application\GameObject\Camera\TPSCamera</Filter>
    </ClCompile>
    <ClCompile Include="Src\Application\GameObject\Camera\FPSCamera\FPSCamera.cpp">
      <Filter>Src\Application\GameObject\Camera\FPSCamera</Filter>
    </ClCompile>
    <ClCompile Include="Src\Application\GameObject\Characters\CharaBase.cpp">
      <Filter>Src\Application\GameObject\Characters</Filter>
    </ClCompile>
    <ClCompile Include="Src\Application\GameObject\Terrains\TerrainBase.cpp">
      <Filter>Src\Application\GameObject\Terrains</Filter>
    </ClCompile>
    <ClCompile Include="Src\Application\GameObject\Characters\Player\Player.cpp">
      <Filter>Src\Application\GameObject\Characters\Player</Filter>
    </ClCompile>
    <ClCompile Include="Src\Application\GameObject\Terrains\Ground\Ground.cpp">
      <Filter>Src\Application\GameObject\Terrains\Ground</Filter>
    </ClCompile>
    <ClCompile Include="Src\Application\GameObject\Weapon\AssaultRifle\AssaultRifle.cpp">
      <Filter>Src\Application\GameObject\Weapon\AssaultRifle</Filter>
    </ClCompile>
    <ClCompile Include="Src\Application\GameObject\Weapon\WeaponBase\WeaponBase.cpp">
      <Filter>Src\Application\GameObject\Weapon\WeaponBase</Filter>
    </ClCompile>
    <ClCompile Include="Src\Application\GameObject\UI\UIBase.cpp">
      <Filter>Src\Application\GameObject\UI</Filter>
    </ClCompile>
    <ClCompile Include="Src\Application\GameObject\Characters\Enemy\Enemy.cpp">
      <Filter>Src\Application\GameObject\Characters\Enemy</Filter>
    </ClCompile>
    <ClCompile Include="Src\Application\GameObject\Bullet\Bullet.cpp">
      <Filter>Src\Application\GameObject</Filter>
    </ClCompile>
    <ClCompile Include="Src\Application\System\Navigation\AstarNode\AstarNode.cpp">
      <Filter>Src\Application\System\Navigation\AStarNode</Filter>
    </ClCompile>
    <ClCompile Include="Src\Application\System\Navigation\AstarGrid\AstarGrid.cpp">
      <Filter>Src\Application\System\Navigation\AstarGrid</Filter>
    </ClCompile>
    <ClCompile Include="Src\Application\System\Navigation\PathFinding\PathFinding.cpp">
      <Filter>Src\Application\System\Navigation\PathFinding</Filter>
    </ClCompile>
    <ClCompile Include="Src\Application\GameObject\UI\Reticle\Reticle.cpp">
      <Filter>Src\Application\GameObject\UI\Reticle</Filter>
    </ClCompile>
    <ClCompile Include="Src\Application\GameObject\Terrains\Building\Building.cpp">
      <Filter>Src\Application\GameObject\Terrains\Building</Filter>
    </ClCompile>
    <ClCompile Include="Src\Application\GameObject\Sky\Sky.cpp">
      <Filter>Src\Application\GameObject\Sky</Filter>
    </ClCompile>
    <ClCompile Include="Src\Application\GameObject\Terrains\Building\Building_Main\Building_Main.cpp">
      <Filter>Src\Application\GameObject\Terrains\Building\Building_Main</Filter>
    </ClCompile>
    <ClCompile Include="Src\Application\GameObject\Terrains\Building\Building_Roof\Building_Roof.cpp">
      <Filter>Src\Application\GameObject\Terrains\Building\Building_Roof</Filter>
    </ClCompile>
    <ClCompile Include="Src\Application\GameObject\Weapon\Pistol\Pistol_Disarm\Pistol_Disarm.cpp">
      <Filter>Src\Application\GameObject\Weapon\Pistol\Pistol_Disarm</Filter>
    </ClCompile>
    <ClCompile Include="Src\Application\GameObject\Weapon\Pistol\Pistol_Ready\Pistol_Ready.cpp">
      <Filter>Src\Application\GameObject\Weapon\Pistol\Pistol_Ready</Filter>
    </ClCompile>
    <ClCompile Include="Src\Application\GameObject\UI\CardKeyUI\CardKeyUI.cpp">
      <Filter>Src\Application\GameObject\UI\CardKeyUI</Filter>
    </ClCompile>
    <ClCompile Include="Src\Application\GameObject\Goal\Goal.cpp">
      <Filter>Src\Application\GameObject\Goal</Filter>
    </ClCompile>
    <ClCompile Include="Src\Application\Scene\ResultScene\ResultScene.cpp">
      <Filter>Src\Application\Scene\ResultScene</Filter>
    </ClCompile>
    <ClCompile Include="Src\Application\GameObject\Gimmicks\Door\Door_1.cpp">
      <Filter>Src\Application\GameObject\Gimmicks\Door</Filter>
    </ClCompile>
    <ClCompile Include="Src\Application\GameObject\Item\CardKey\CardKey.cpp">
      <Filter>Src\Application\GameObject\Item\CardKey</Filter>
    </ClCompile>
    <ClCompile Include="Src\Application\GameObject\Item\SecretFile\SecretFile.cpp">
      <Filter>Src\Application\GameObject\Item\SecretFile</Filter>
    </ClCompile>
    <ClCompile Include="Src\Application\GameObject\Item\ItemBase.cpp">
      <Filter>Src\Application\GameObject\Item</Filter>
    </ClCompile>
    <ClCompile Include="Src\Application\GameObject\Gimmicks\LockedDoor\LockedDoor.cpp">
      <Filter>Src\Application\GameObject\Gimmicks\LockedDoor</Filter>
    </ClCompile>
    <ClCompile Include="Src\Application\GameObject\Gimmicks\Door\Door_2.cpp">
      <Filter>Src\Application\GameObject\Gimmicks\Door</Filter>
    </ClCompile>
    <ClCompile Include="Src\Application\GameObject\Gimmicks\Door\Door_3.cpp">
      <Filter>Src\Application\GameObject\Gimmicks\Door</Filter>
    </ClCompile>
    <ClCompile Include="Src\Application\GameObject\UI\SecretFileUI\SecretFileUI.cpp">
      <Filter>Src\Application\GameObject\UI\SecretFileUI</Filter>
    </ClCompile>
    <ClCompile Include="Src\Application\GameObject\UI\PadKeyUI\PadKeyUI.cpp">
      <Filter>Src\Application\GameObject\UI\PadKeyUI</Filter>
    </ClCompile>
    <ClCompile Include="Src\Application\GameObject\Characters\Player\Player_Disarm\Player_Disarm.cpp">
      <Filter>Src\Application\GameObject\Characters\Player\Player_Disarm</Filter>
    </ClCompile>
    <ClCompile Include="Src\Application\GameObject\Characters\Player\Player_Disarm_Pistol\Player_Disarm_Pistol.cpp">
      <Filter>Src\Application\GameObject\Characters\Player\Player_Disarm_Pistol</Filter>
    </ClCompile>
    <ClCompile Include="Src\Application\GameObject\Characters\Player\Player_Ready_Pistol\Player_Ready_Pistol.cpp">
      <Filter>Src\Application\GameObject\Characters\Player\Player_Ready_Pistol</Filter>
    </ClCompile>
    <ClCompile Include="Src\Application\GameObject\Characters\Player\Player_UpperBody\Player_UpperBody.cpp">
      <Filter>Src\Application\GameObject\Characters\Player\Player_UpperBody</Filter>
    </ClCompile>
    <ClCompile Include="Src\Application\GameObject\Characters\Player\Player_LowerBody\Player_LowerBody.cpp">
      <Filter>Src\Application\GameObject\Characters\Player\Player_LowerBody</Filter>
    </ClCompile>
    <ClCompile Include="Src\Application\GameObject\Terrains\ArmoredCar\ArmoredCar.cpp">
      <Filter>Src\Application\GameObject\Terrains\ArmoredCar</Filter>
    </ClCompile>
    <ClCompile Include="Src\Application\GameObject\Terrains\Ground\Ground_Bottom\Ground_Bottom.cpp">
      <Filter>Src\Application\GameObject\Terrains\Ground\Ground_Bottom</Filter>
    </ClCompile>
    <ClCompile Include="Src\Application\GameObject\Terrains\Ground\Ground_UP\Ground_UP.cpp">
      <Filter>Src\Application\GameObject\Terrains\Ground\Ground_UP</Filter>
    </ClCompile>
  </ItemGroup>
  <ItemGroup>
    <None Include="Src\Framework\Shader\inc_KdCommon.hlsli">
      <Filter>Src\Framework\Shader</Filter>
    </None>
    <None Include="Src\Framework\Shader\SpriteShader\inc_KdSpriteShader.hlsli">
      <Filter>Src\Framework\Shader\SpriteShader</Filter>
    </None>
    <None Include="Src\Framework\Shader\PostProcessShader\inc_KdPostProcessShader.hlsli">
      <Filter>Src\Framework\Shader\PostProcessShader</Filter>
    </None>
    <None Include="Src\Framework\Shader\StandardShader\inc_KdStandardShader.hlsli">
      <Filter>Src\Framework\Shader\StandardShader</Filter>
    </None>
  </ItemGroup>
  <ItemGroup>
    <FxCompile Include="Src\Framework\Shader\SpriteShader\KdSpriteShader_PS.hlsl">
      <Filter>Src\Framework\Shader\SpriteShader</Filter>
    </FxCompile>
    <FxCompile Include="Src\Framework\Shader\SpriteShader\KdSpriteShader_VS.hlsl">
      <Filter>Src\Framework\Shader\SpriteShader</Filter>
    </FxCompile>
    <FxCompile Include="Src\Framework\Shader\PostProcessShader\KdPostProcessShader_PS_Blur.hlsl">
      <Filter>Src\Framework\Shader\PostProcessShader</Filter>
    </FxCompile>
    <FxCompile Include="Src\Framework\Shader\PostProcessShader\KdPostProcessShader_VS.hlsl">
      <Filter>Src\Framework\Shader\PostProcessShader</Filter>
    </FxCompile>
    <FxCompile Include="Src\Framework\Shader\PostProcessShader\KdPostProcessShader_PS_DoF.hlsl">
      <Filter>Src\Framework\Shader\PostProcessShader</Filter>
    </FxCompile>
    <FxCompile Include="Src\Framework\Shader\PostProcessShader\KdPostProcessShader_PS_Bright.hlsl">
      <Filter>Src\Framework\Shader\PostProcessShader</Filter>
    </FxCompile>
    <FxCompile Include="Src\Framework\Shader\StandardShader\KdStandardShader_PS_GenDepthMapFromLight.hlsl">
      <Filter>Src\Framework\Shader\StandardShader</Filter>
    </FxCompile>
    <FxCompile Include="Src\Framework\Shader\StandardShader\KdStandardShader_PS_Lit.hlsl">
      <Filter>Src\Framework\Shader\StandardShader</Filter>
    </FxCompile>
    <FxCompile Include="Src\Framework\Shader\StandardShader\KdStandardShader_PS_UnLit.hlsl">
      <Filter>Src\Framework\Shader\StandardShader</Filter>
    </FxCompile>
    <FxCompile Include="Src\Framework\Shader\StandardShader\KdStandardShader_VS_GenDepthMapFromLight.hlsl">
      <Filter>Src\Framework\Shader\StandardShader</Filter>
    </FxCompile>
    <FxCompile Include="Src\Framework\Shader\StandardShader\KdStandardShader_VS_Lit.hlsl">
      <Filter>Src\Framework\Shader\StandardShader</Filter>
    </FxCompile>
    <FxCompile Include="Src\Framework\Shader\StandardShader\KdStandardShader_VS_UnLit.hlsl">
      <Filter>Src\Framework\Shader\StandardShader</Filter>
    </FxCompile>
  </ItemGroup>
</Project>